<?xml version="1.0" encoding="utf-8"?>
<Project ToolsVersion="4.0" xmlns="http://schemas.microsoft.com/developer/msbuild/2003">
  <ItemGroup>
    <Filter Include="pellets">
      <UniqueIdentifier>{f065d556-c91e-4017-8aa8-14b1ab73a0e2}</UniqueIdentifier>
    </Filter>
    <Filter Include="pellets\DataBox">
      <UniqueIdentifier>{39738561-dba6-4940-ad16-452ad4181206}</UniqueIdentifier>
    </Filter>
    <Filter Include="pellets\Serialize">
      <UniqueIdentifier>{158145e1-f44d-4d7f-a307-f2f4b6cd5502}</UniqueIdentifier>
    </Filter>
    <Filter Include="pellets\Peutils">
      <UniqueIdentifier>{801fdacf-4c1e-43cf-9ab0-067a76338303}</UniqueIdentifier>
    </Filter>
    <Filter Include="pellets\IPC">
      <UniqueIdentifier>{37cfc376-d252-4104-863e-88081ec50f62}</UniqueIdentifier>
    </Filter>
    <Filter Include="pellets\IPC\JsonParser">
      <UniqueIdentifier>{9984b245-1d49-4a14-a2f4-5e201c429083}</UniqueIdentifier>
    </Filter>
    <Filter Include="pellets\IPC\json">
      <UniqueIdentifier>{ab07fc6a-ece6-467f-997c-fb60cb17d605}</UniqueIdentifier>
    </Filter>
    <Filter Include="pellets\Hook">
      <UniqueIdentifier>{22510bfa-067c-45b3-84d2-82d751c4e047}</UniqueIdentifier>
    </Filter>
    <Filter Include="3rdparty">
      <UniqueIdentifier>{0bd38adf-5486-41c8-8a3a-990ab16e8a4f}</UniqueIdentifier>
    </Filter>
    <Filter Include="3rdparty\detours">
      <UniqueIdentifier>{dba356ff-1332-4bda-a6cc-f5066dee3e02}</UniqueIdentifier>
    </Filter>
    <Filter Include="pellets\z_thread_pool">
      <UniqueIdentifier>{15ad6b43-d982-475d-892a-28e89d8ec74d}</UniqueIdentifier>
    </Filter>
    <Filter Include="pellets\design_pattern">
      <UniqueIdentifier>{5bbd22a1-8527-4bd3-b463-aa88d0fbe4f8}</UniqueIdentifier>
    </Filter>
    <Filter Include="pellets\z_event">
      <UniqueIdentifier>{55041587-f86a-49e5-9ce2-0e8e43508d61}</UniqueIdentifier>
    </Filter>
    <Filter Include="pellets\z_timer">
      <UniqueIdentifier>{283e960d-f996-4397-a8e9-15459a01b27d}</UniqueIdentifier>
    </Filter>
    <Filter Include="pellets\thread_sync">
      <UniqueIdentifier>{8146a8a3-58ad-4691-9072-de1bd0637a06}</UniqueIdentifier>
    </Filter>
    <Filter Include="pellets\z_lua_bind">
      <UniqueIdentifier>{0d986bea-4ecd-425b-ad2d-107989048ce8}</UniqueIdentifier>
    </Filter>
    <Filter Include="3rdparty\lua">
      <UniqueIdentifier>{d70a3f52-2667-448e-b84c-29114d0dcc32}</UniqueIdentifier>
    </Filter>
    <Filter Include="src">
      <UniqueIdentifier>{93995380-89BD-4b04-88EB-625FBE52EBFB}</UniqueIdentifier>
      <Extensions>h;hpp;hxx;hm;inl;inc;xsd</Extensions>
    </Filter>
    <Filter Include="pellets\z_win_utils">
      <UniqueIdentifier>{1fc910f7-9a6c-4c48-9597-9f0de36ed60a}</UniqueIdentifier>
    </Filter>
    <Filter Include="pellets\z_http">
      <UniqueIdentifier>{5af65062-fa5b-457b-948c-a33d4ea588dd}</UniqueIdentifier>
    </Filter>
    <Filter Include="pellets\z_com">
      <UniqueIdentifier>{03b48ce5-081e-4fcb-bc56-a5adc4ea2e45}</UniqueIdentifier>
    </Filter>
    <Filter Include="pellets\z_com\export">
      <UniqueIdentifier>{f357501f-da8d-411d-957e-ecb3f1564263}</UniqueIdentifier>
    </Filter>
    <Filter Include="pellets\z_com\import">
      <UniqueIdentifier>{320aee41-cfe7-41eb-9316-c155e43e05cd}</UniqueIdentifier>
    </Filter>
    <Filter Include="pellets\z_zlib">
      <UniqueIdentifier>{a4d3a684-49c1-473d-bc48-dc54477e7068}</UniqueIdentifier>
    </Filter>
    <Filter Include="pellets\z_net">
      <UniqueIdentifier>{9a086910-c3c3-4dcc-a2a8-66eb9d800e6a}</UniqueIdentifier>
    </Filter>
    <Filter Include="pellets\z_net\base">
      <UniqueIdentifier>{d738c975-477e-49ca-bbe3-5fb81b7c0280}</UniqueIdentifier>
    </Filter>
    <Filter Include="pellets\z_net\file">
      <UniqueIdentifier>{150e11f1-cf3a-4306-a82b-ab44684d5be6}</UniqueIdentifier>
    </Filter>
    <Filter Include="pellets\z_net\socket">
      <UniqueIdentifier>{c6fc2fbc-71bc-46a9-8ae6-94bcb13960e6}</UniqueIdentifier>
    </Filter>
    <Filter Include="pellets\harold">
      <UniqueIdentifier>{1fa1b100-c116-48ce-a8ef-7752928f2cc2}</UniqueIdentifier>
    </Filter>
    <Filter Include="3rdparty\mongoose">
      <UniqueIdentifier>{bf85a1a7-e469-49f9-ac06-5c6fc2b1750d}</UniqueIdentifier>
    </Filter>
    <Filter Include="pellets\harold\interface">
      <UniqueIdentifier>{25fdf8e3-b4ef-4de0-822f-cc9ffa6b45da}</UniqueIdentifier>
    </Filter>
    <Filter Include="pellets\harold\observer_impl">
      <UniqueIdentifier>{ea2b512b-5997-46f0-a7f3-87a66c77dfc1}</UniqueIdentifier>
    </Filter>
    <Filter Include="pellets\z_platform">
      <UniqueIdentifier>{3a1c1f70-0a46-4a28-9141-eab3446a1246}</UniqueIdentifier>
    </Filter>
    <Filter Include="pellets\z_platform\impl">
      <UniqueIdentifier>{e091ba82-3289-4a5a-957a-997322805af5}</UniqueIdentifier>
    </Filter>
  </ItemGroup>
  <ItemGroup>
    <Text Include="ReadMe.txt" />
    <Text Include="..\..\pellets\z_win_utils\readme.txt">
      <Filter>pellets\z_win_utils</Filter>
    </Text>
  </ItemGroup>
  <ItemGroup>
    <ClInclude Include="stdafx.h">
      <Filter>src</Filter>
    </ClInclude>
    <ClInclude Include="targetver.h">
      <Filter>src</Filter>
    </ClInclude>
    <ClInclude Include="..\..\pellets\data_box\array_data.h">
      <Filter>pellets\DataBox</Filter>
    </ClInclude>
    <ClInclude Include="..\..\pellets\data_box\data_box.h">
      <Filter>pellets\DataBox</Filter>
    </ClInclude>
    <ClInclude Include="..\..\pellets\data_box\data_box_def.h">
      <Filter>pellets\DataBox</Filter>
    </ClInclude>
    <ClInclude Include="..\..\pellets\data_box\value_data.h">
      <Filter>pellets\DataBox</Filter>
    </ClInclude>
    <ClInclude Include="..\..\pellets\data_box\value_data_string.h">
      <Filter>pellets\DataBox</Filter>
    </ClInclude>
    <ClInclude Include="TestDataBox.h">
      <Filter>src</Filter>
    </ClInclude>
    <ClInclude Include="def.h">
      <Filter>src</Filter>
    </ClInclude>
    <ClInclude Include="..\..\pellets\data_box\value_data_t.hpp">
      <Filter>pellets\DataBox</Filter>
    </ClInclude>
    <ClInclude Include="..\..\pellets\data_box\value_data_num.hpp">
      <Filter>pellets\DataBox</Filter>
    </ClInclude>
    <ClInclude Include="..\..\pellets\thread_sync\thread_sync.h">
      <Filter>pellets\thread_sync</Filter>
    </ClInclude>
    <ClInclude Include="TestThreadSync.h">
      <Filter>src</Filter>
    </ClInclude>
    <ClInclude Include="..\..\pellets\serialize\serialize.h">
      <Filter>pellets\Serialize</Filter>
    </ClInclude>
    <ClInclude Include="..\..\pellets\serialize\data.h">
      <Filter>pellets\Serialize</Filter>
    </ClInclude>
    <ClInclude Include="..\..\pellets\serialize\data_format.h">
      <Filter>pellets\Serialize</Filter>
    </ClInclude>
    <ClInclude Include="..\..\pellets\serialize\serialize_engine.h">
      <Filter>pellets\Serialize</Filter>
    </ClInclude>
    <ClInclude Include="..\..\pellets\serialize\serialize_def.h">
      <Filter>pellets\Serialize</Filter>
    </ClInclude>
    <ClInclude Include="TestSerialize.h">
      <Filter>src</Filter>
    </ClInclude>
    <ClInclude Include="..\..\pellets\peutils\pefile.h">
      <Filter>pellets\Peutils</Filter>
    </ClInclude>
    <ClInclude Include="..\..\pellets\peutils\peparser.h">
      <Filter>pellets\Peutils</Filter>
    </ClInclude>
    <ClInclude Include="..\..\pellets\peutils\peutils_def.h">
      <Filter>pellets\Peutils</Filter>
    </ClInclude>
    <ClInclude Include="TestPeutils.h">
      <Filter>src</Filter>
    </ClInclude>
    <ClInclude Include="..\..\pellets\peutils\pesectionobject.h">
      <Filter>pellets\Peutils</Filter>
    </ClInclude>
    <ClInclude Include="..\..\pellets\peutils\peimport.h">
      <Filter>pellets\Peutils</Filter>
    </ClInclude>
    <ClInclude Include="..\..\pellets\peutils\peobject.h">
      <Filter>pellets\Peutils</Filter>
    </ClInclude>
    <ClInclude Include="..\..\pellets\ipc\jsonparser\ipcerror.h">
      <Filter>pellets\IPC\JsonParser</Filter>
    </ClInclude>
    <ClInclude Include="..\..\pellets\ipc\jsonparser\ipcexception.h">
      <Filter>pellets\IPC\JsonParser</Filter>
    </ClInclude>
    <ClInclude Include="..\..\pellets\ipc\jsonparser\ipcfuncmgr.h">
      <Filter>pellets\IPC\JsonParser</Filter>
    </ClInclude>
    <ClInclude Include="..\..\pellets\ipc\jsonparser\ipcjsonconvert.h">
      <Filter>pellets\IPC\JsonParser</Filter>
    </ClInclude>
    <ClInclude Include="..\..\pellets\ipc\jsonparser\ipcjsonparam.h">
      <Filter>pellets\IPC\JsonParser</Filter>
    </ClInclude>
    <ClInclude Include="..\..\pellets\ipc\jsonparser\ipcjsonrun.h">
      <Filter>pellets\IPC\JsonParser</Filter>
    </ClInclude>
    <ClInclude Include="..\..\pellets\ipc\jsonparser\ipclocation.h">
      <Filter>pellets\IPC\JsonParser</Filter>
    </ClInclude>
    <ClInclude Include="..\..\pellets\ipc\jsonparser\ipclocker.h">
      <Filter>pellets\IPC\JsonParser</Filter>
    </ClInclude>
    <ClInclude Include="..\..\pellets\ipc\jsonparser\ipcpublic.h">
      <Filter>pellets\IPC\JsonParser</Filter>
    </ClInclude>
    <ClInclude Include="..\..\pellets\ipc\jsonparser\ipcutfconv.h">
      <Filter>pellets\IPC\JsonParser</Filter>
    </ClInclude>
    <ClInclude Include="..\..\pellets\ipc\ipc_def.h">
      <Filter>pellets\IPC</Filter>
    </ClInclude>
    <ClInclude Include="..\..\pellets\ipc\ipccallclient.h">
      <Filter>pellets\IPC</Filter>
    </ClInclude>
    <ClInclude Include="..\..\pellets\ipc\ipcimsgprocessor.h">
      <Filter>pellets\IPC</Filter>
    </ClInclude>
    <ClInclude Include="..\..\pellets\ipc\ipcjsonprocessor.h">
      <Filter>pellets\IPC</Filter>
    </ClInclude>
    <ClInclude Include="..\..\pellets\ipc\ipcpipecltchannel.h">
      <Filter>pellets\IPC</Filter>
    </ClInclude>
    <ClInclude Include="..\..\pellets\ipc\ipcpipesvr.h">
      <Filter>pellets\IPC</Filter>
    </ClInclude>
    <ClInclude Include="..\..\pellets\ipc\ipcpipesvrchannel.h">
      <Filter>pellets\IPC</Filter>
    </ClInclude>
    <ClInclude Include="..\..\pellets\ipc\ipcrefcount.h">
      <Filter>pellets\IPC</Filter>
    </ClInclude>
    <ClInclude Include="..\..\pellets\ipc\jsonparser\iipccallfilter.h">
      <Filter>pellets\IPC\JsonParser</Filter>
    </ClInclude>
    <ClInclude Include="..\..\pellets\hook\zl_hook_def.h">
      <Filter>pellets\Hook</Filter>
    </ClInclude>
    <ClInclude Include="..\..\pellets\hook\i_zl_hook_container.h">
      <Filter>pellets\Hook</Filter>
    </ClInclude>
    <ClInclude Include="..\..\3rdparty\detours\src\detours.h">
      <Filter>3rdparty\detours</Filter>
    </ClInclude>
    <ClInclude Include="..\..\3rdparty\detours\src\detver.h">
      <Filter>3rdparty\detours</Filter>
    </ClInclude>
    <ClInclude Include="..\..\pellets\z_thread_pool\z_task.h">
      <Filter>pellets\z_thread_pool</Filter>
    </ClInclude>
    <ClInclude Include="..\..\pellets\z_thread_pool\z_task_queue.h">
      <Filter>pellets\z_thread_pool</Filter>
    </ClInclude>
    <ClInclude Include="..\..\pellets\z_thread_pool\z_thread.h">
      <Filter>pellets\z_thread_pool</Filter>
    </ClInclude>
    <ClInclude Include="..\..\pellets\z_thread_pool\z_thread_list.h">
      <Filter>pellets\z_thread_pool</Filter>
    </ClInclude>
    <ClInclude Include="..\..\pellets\z_thread_pool\z_thread_pool.h">
      <Filter>pellets\z_thread_pool</Filter>
    </ClInclude>
    <ClInclude Include="..\..\pellets\z_thread_pool\z_thread_stack.h">
      <Filter>pellets\z_thread_pool</Filter>
    </ClInclude>
    <ClInclude Include="TestThreadPool.h">
      <Filter>src</Filter>
    </ClInclude>
    <ClInclude Include="TestDesignPattern.h">
      <Filter>src</Filter>
    </ClInclude>
    <ClInclude Include="..\..\pellets\design_pattern\observer.h">
      <Filter>pellets\design_pattern</Filter>
    </ClInclude>
    <ClInclude Include="..\..\pellets\design_pattern\strategy.h">
      <Filter>pellets\design_pattern</Filter>
    </ClInclude>
    <ClInclude Include="..\..\pellets\design_pattern\decorator.h">
      <Filter>pellets\design_pattern</Filter>
    </ClInclude>
    <ClInclude Include="..\..\pellets\design_pattern\factory.h">
      <Filter>pellets\design_pattern</Filter>
    </ClInclude>
    <ClInclude Include="..\..\pellets\design_pattern\singleton.h">
      <Filter>pellets\design_pattern</Filter>
    </ClInclude>
    <ClInclude Include="..\..\pellets\design_pattern\command.h">
      <Filter>pellets\design_pattern</Filter>
    </ClInclude>
    <ClInclude Include="TestEvent.h">
      <Filter>src</Filter>
    </ClInclude>
    <ClInclude Include="..\..\pellets\z_event\z_event_reactor.h">
      <Filter>pellets\z_event</Filter>
    </ClInclude>
    <ClInclude Include="..\..\pellets\z_event\z_event_event.h">
      <Filter>pellets\z_event</Filter>
    </ClInclude>
    <ClInclude Include="..\..\pellets\z_event\z_event_def.h">
      <Filter>pellets\z_event</Filter>
    </ClInclude>
    <ClInclude Include="TestTimer.h">
      <Filter>src</Filter>
    </ClInclude>
    <ClInclude Include="..\..\pellets\z_timer\z_timer_def.h">
      <Filter>pellets\z_timer</Filter>
    </ClInclude>
    <ClInclude Include="..\..\pellets\z_timer\z_timer_task.h">
      <Filter>pellets\z_timer</Filter>
    </ClInclude>
    <ClInclude Include="..\..\pellets\z_timer\z_timer_task_queue.h">
      <Filter>pellets\z_timer</Filter>
    </ClInclude>
    <ClInclude Include="..\..\pellets\z_timer\z_timer_watcher.h">
      <Filter>pellets\z_timer</Filter>
    </ClInclude>
    <ClInclude Include="..\..\pellets\z_timer\z_timer_dispatcher.h">
      <Filter>pellets\z_timer</Filter>
    </ClInclude>
    <ClInclude Include="..\..\pellets\z_timer\z_timer_test_code.h">
      <Filter>pellets\z_timer</Filter>
    </ClInclude>
    <ClInclude Include="..\..\pellets\thread_sync\z_t_criticalsection.hpp">
      <Filter>pellets\thread_sync</Filter>
    </ClInclude>
    <ClInclude Include="..\..\pellets\thread_sync\z_t_event.hpp">
      <Filter>pellets\thread_sync</Filter>
    </ClInclude>
    <ClInclude Include="..\..\pellets\thread_sync\z_t_mutex.hpp">
      <Filter>pellets\thread_sync</Filter>
    </ClInclude>
    <ClInclude Include="..\..\pellets\thread_sync\z_t_semaphore.hpp">
      <Filter>pellets\thread_sync</Filter>
    </ClInclude>
    <ClInclude Include="..\..\pellets\thread_sync\z_t_syncobject.hpp">
      <Filter>pellets\thread_sync</Filter>
    </ClInclude>
    <ClInclude Include="..\..\pellets\thread_sync\z_t_thread_sync_def.h">
      <Filter>pellets\thread_sync</Filter>
    </ClInclude>
    <ClInclude Include="..\..\pellets\thread_sync\z_t_atomic.hpp">
      <Filter>pellets\thread_sync</Filter>
    </ClInclude>
    <ClInclude Include="..\..\3rdparty\luasrc\lapi.h">
      <Filter>3rdparty\lua</Filter>
    </ClInclude>
    <ClInclude Include="..\..\3rdparty\luasrc\lauxlib.h">
      <Filter>3rdparty\lua</Filter>
    </ClInclude>
    <ClInclude Include="..\..\3rdparty\luasrc\lcode.h">
      <Filter>3rdparty\lua</Filter>
    </ClInclude>
    <ClInclude Include="..\..\3rdparty\luasrc\lctype.h">
      <Filter>3rdparty\lua</Filter>
    </ClInclude>
    <ClInclude Include="..\..\3rdparty\luasrc\ldebug.h">
      <Filter>3rdparty\lua</Filter>
    </ClInclude>
    <ClInclude Include="..\..\3rdparty\luasrc\ldo.h">
      <Filter>3rdparty\lua</Filter>
    </ClInclude>
    <ClInclude Include="..\..\3rdparty\luasrc\lfunc.h">
      <Filter>3rdparty\lua</Filter>
    </ClInclude>
    <ClInclude Include="..\..\3rdparty\luasrc\lgc.h">
      <Filter>3rdparty\lua</Filter>
    </ClInclude>
    <ClInclude Include="..\..\3rdparty\luasrc\llex.h">
      <Filter>3rdparty\lua</Filter>
    </ClInclude>
    <ClInclude Include="..\..\3rdparty\luasrc\llimits.h">
      <Filter>3rdparty\lua</Filter>
    </ClInclude>
    <ClInclude Include="..\..\3rdparty\luasrc\lmem.h">
      <Filter>3rdparty\lua</Filter>
    </ClInclude>
    <ClInclude Include="..\..\3rdparty\luasrc\lobject.h">
      <Filter>3rdparty\lua</Filter>
    </ClInclude>
    <ClInclude Include="..\..\3rdparty\luasrc\lopcodes.h">
      <Filter>3rdparty\lua</Filter>
    </ClInclude>
    <ClInclude Include="..\..\3rdparty\luasrc\lparser.h">
      <Filter>3rdparty\lua</Filter>
    </ClInclude>
    <ClInclude Include="..\..\3rdparty\luasrc\lstate.h">
      <Filter>3rdparty\lua</Filter>
    </ClInclude>
    <ClInclude Include="..\..\3rdparty\luasrc\lstring.h">
      <Filter>3rdparty\lua</Filter>
    </ClInclude>
    <ClInclude Include="..\..\3rdparty\luasrc\ltable.h">
      <Filter>3rdparty\lua</Filter>
    </ClInclude>
    <ClInclude Include="..\..\3rdparty\luasrc\ltm.h">
      <Filter>3rdparty\lua</Filter>
    </ClInclude>
    <ClInclude Include="..\..\3rdparty\luasrc\lua.h">
      <Filter>3rdparty\lua</Filter>
    </ClInclude>
    <ClInclude Include="..\..\3rdparty\luasrc\lua.hpp">
      <Filter>3rdparty\lua</Filter>
    </ClInclude>
    <ClInclude Include="..\..\3rdparty\luasrc\luaconf.h">
      <Filter>3rdparty\lua</Filter>
    </ClInclude>
    <ClInclude Include="..\..\3rdparty\luasrc\lualib.h">
      <Filter>3rdparty\lua</Filter>
    </ClInclude>
    <ClInclude Include="..\..\3rdparty\luasrc\lundump.h">
      <Filter>3rdparty\lua</Filter>
    </ClInclude>
    <ClInclude Include="..\..\3rdparty\luasrc\lvm.h">
      <Filter>3rdparty\lua</Filter>
    </ClInclude>
    <ClInclude Include="..\..\3rdparty\luasrc\lzio.h">
      <Filter>3rdparty\lua</Filter>
    </ClInclude>
    <ClInclude Include="TestLuaBind.h">
      <Filter>src</Filter>
    </ClInclude>
    <ClInclude Include="..\..\pellets\z_win_utils\clipboard.hpp">
      <Filter>pellets\z_win_utils</Filter>
    </ClInclude>
    <ClInclude Include="..\..\pellets\z_win_utils\directory.hpp">
      <Filter>pellets\z_win_utils</Filter>
    </ClInclude>
    <ClInclude Include="..\..\pellets\z_win_utils\file_version.hpp">
      <Filter>pellets\z_win_utils</Filter>
    </ClInclude>
    <ClInclude Include="..\..\pellets\z_win_utils\gdiplus.hpp">
      <Filter>pellets\z_win_utils</Filter>
    </ClInclude>
    <ClInclude Include="..\..\pellets\z_win_utils\ini.hpp">
      <Filter>pellets\z_win_utils</Filter>
    </ClInclude>
    <ClInclude Include="..\..\pellets\z_win_utils\path.hpp">
      <Filter>pellets\z_win_utils</Filter>
    </ClInclude>
    <ClInclude Include="..\..\pellets\z_win_utils\register.hpp">
      <Filter>pellets\z_win_utils</Filter>
    </ClInclude>
    <ClInclude Include="..\..\pellets\z_win_utils\system_version.hpp">
      <Filter>pellets\z_win_utils</Filter>
    </ClInclude>
    <ClInclude Include="..\..\pellets\z_win_utils\taskbar_position.hpp">
      <Filter>pellets\z_win_utils</Filter>
    </ClInclude>
    <ClInclude Include="..\..\pellets\z_win_utils\usid.hpp">
      <Filter>pellets\z_win_utils</Filter>
    </ClInclude>
    <ClInclude Include="..\..\pellets\z_win_utils\win_utils.h">
      <Filter>pellets\z_win_utils</Filter>
    </ClInclude>
    <ClInclude Include="..\..\pellets\z_win_utils\win_utils_header.h">
      <Filter>pellets\z_win_utils</Filter>
    </ClInclude>
    <ClInclude Include="..\..\pellets\z_win_utils\message.hpp">
      <Filter>pellets\z_win_utils</Filter>
    </ClInclude>
    <ClInclude Include="..\..\pellets\z_win_utils\system_path.hpp">
      <Filter>pellets\z_win_utils</Filter>
    </ClInclude>
    <ClInclude Include="..\..\pellets\z_win_utils\console_color.hpp">
      <Filter>pellets\z_win_utils</Filter>
    </ClInclude>
    <ClInclude Include="..\..\pellets\z_win_utils\cstring.hpp">
      <Filter>pellets\z_win_utils</Filter>
    </ClInclude>
    <ClInclude Include="..\..\pellets\z_win_utils\file_icon.hpp">
      <Filter>pellets\z_win_utils</Filter>
    </ClInclude>
    <ClInclude Include="..\..\pellets\z_win_utils\error_code.hpp">
      <Filter>pellets\z_win_utils</Filter>
    </ClInclude>
    <ClInclude Include="..\..\pellets\z_win_utils\privilege.hpp">
      <Filter>pellets\z_win_utils</Filter>
    </ClInclude>
    <ClInclude Include="..\..\pellets\z_win_utils\shutdown.hpp">
      <Filter>pellets\z_win_utils</Filter>
    </ClInclude>
    <ClInclude Include="..\..\pellets\z_win_utils\cpu.hpp">
      <Filter>pellets\z_win_utils</Filter>
    </ClInclude>
    <ClInclude Include="..\..\pellets\z_win_utils\memory.hpp">
      <Filter>pellets\z_win_utils</Filter>
    </ClInclude>
    <ClInclude Include="..\..\pellets\z_win_utils\drive.hpp">
      <Filter>pellets\z_win_utils</Filter>
    </ClInclude>
    <ClInclude Include="..\..\pellets\z_win_utils\process.hpp">
      <Filter>pellets\z_win_utils</Filter>
    </ClInclude>
    <ClInclude Include="..\..\pellets\z_win_utils\dos_name.hpp">
      <Filter>pellets\z_win_utils</Filter>
    </ClInclude>
    <ClInclude Include="..\..\pellets\z_win_utils\screen.hpp">
      <Filter>pellets\z_win_utils</Filter>
    </ClInclude>
    <ClInclude Include="..\..\pellets\z_win_utils\time_string.hpp">
      <Filter>pellets\z_win_utils</Filter>
    </ClInclude>
    <ClInclude Include="..\..\pellets\z_win_utils\process_enum.hpp">
      <Filter>pellets\z_win_utils</Filter>
    </ClInclude>
    <ClInclude Include="..\..\pellets\z_win_utils\process_module.hpp">
      <Filter>pellets\z_win_utils</Filter>
    </ClInclude>
    <ClInclude Include="..\..\pellets\z_win_utils\browser.hpp">
      <Filter>pellets\z_win_utils</Filter>
    </ClInclude>
    <ClInclude Include="..\..\pellets\z_win_utils\time.hpp">
      <Filter>pellets\z_win_utils</Filter>
    </ClInclude>
    <ClInclude Include="..\..\pellets\z_win_utils\tick_counter.hpp">
      <Filter>pellets\z_win_utils</Filter>
    </ClInclude>
    <ClInclude Include="..\..\pellets\z_win_utils\security_attribute.hpp">
      <Filter>pellets\z_win_utils</Filter>
    </ClInclude>
    <ClInclude Include="..\..\pellets\z_win_utils\service.hpp">
      <Filter>pellets\z_win_utils</Filter>
    </ClInclude>
    <ClInclude Include="..\..\pellets\z_win_utils\file_enum.hpp">
      <Filter>pellets\z_win_utils</Filter>
    </ClInclude>
    <ClInclude Include="..\..\pellets\z_win_utils\module.hpp">
      <Filter>pellets\z_win_utils</Filter>
    </ClInclude>
    <ClInclude Include="..\..\pellets\z_win_utils\token.hpp">
      <Filter>pellets\z_win_utils</Filter>
    </ClInclude>
    <ClInclude Include="..\..\pellets\z_win_utils\TestWinUtils.h">
      <Filter>src</Filter>
    </ClInclude>
    <ClInclude Include="..\..\pellets\z_win_utils\autorun.hpp">
      <Filter>pellets\z_win_utils</Filter>
    </ClInclude>
    <ClInclude Include="..\..\pellets\z_win_utils\cmdline.hpp">
      <Filter>pellets\z_win_utils</Filter>
    </ClInclude>
    <ClInclude Include="..\..\pellets\z_win_utils\environment_var.hpp">
      <Filter>pellets\z_win_utils</Filter>
    </ClInclude>
    <ClInclude Include="..\..\pellets\z_win_utils\file_info.hpp">
      <Filter>pellets\z_win_utils</Filter>
    </ClInclude>
    <ClInclude Include="..\..\pellets\z_win_utils\register_enum.hpp">
      <Filter>pellets\z_win_utils</Filter>
    </ClInclude>
    <ClInclude Include="..\..\pellets\z_win_utils\shortcut.hpp">
      <Filter>pellets\z_win_utils</Filter>
    </ClInclude>
    <ClInclude Include="..\..\pellets\z_win_utils\sign_verify.hpp">
      <Filter>pellets\z_win_utils</Filter>
    </ClInclude>
    <ClInclude Include="..\..\pellets\z_win_utils\wow64.hpp">
      <Filter>pellets\z_win_utils</Filter>
    </ClInclude>
    <ClInclude Include="..\..\pellets\z_win_utils\acl.hpp">
      <Filter>pellets\z_win_utils</Filter>
    </ClInclude>
    <ClInclude Include="..\..\pellets\z_win_utils\uuid.hpp">
      <Filter>pellets\z_win_utils</Filter>
    </ClInclude>
    <ClInclude Include="..\..\pellets\z_http\file_write.hpp">
      <Filter>pellets\z_http</Filter>
    </ClInclude>
    <ClInclude Include="..\..\pellets\z_http\http_client.hpp">
      <Filter>pellets\z_http</Filter>
    </ClInclude>
    <ClInclude Include="..\..\pellets\z_http\ie_proxy.hpp">
      <Filter>pellets\z_http</Filter>
    </ClInclude>
    <ClInclude Include="..\..\pellets\z_http\mem_write.hpp">
      <Filter>pellets\z_http</Filter>
    </ClInclude>
    <ClInclude Include="..\..\pellets\z_http\simple_curl.hpp">
      <Filter>pellets\z_http</Filter>
    </ClInclude>
    <ClInclude Include="..\..\pellets\z_http\stream_writter.hpp">
      <Filter>pellets\z_http</Filter>
    </ClInclude>
    <ClInclude Include="..\..\pellets\z_http\z_http.h">
      <Filter>pellets\z_http</Filter>
    </ClInclude>
    <ClInclude Include="..\..\pellets\z_http\z_http_def.h">
      <Filter>pellets\z_http</Filter>
    </ClInclude>
    <ClInclude Include="..\..\pellets\z_http\z_http_header.h">
      <Filter>pellets\z_http</Filter>
    </ClInclude>
    <ClInclude Include="..\..\pellets\z_http\z_http_interface.h">
      <Filter>pellets\z_http</Filter>
    </ClInclude>
    <ClInclude Include="..\..\pellets\z_http\TestHttp.h">
      <Filter>src</Filter>
    </ClInclude>
    <ClInclude Include="..\..\pellets\z_win_utils\sign_info.hpp">
      <Filter>pellets\z_win_utils</Filter>
    </ClInclude>
    <ClInclude Include="..\..\pellets\z_com\z_com.h">
      <Filter>pellets\z_com</Filter>
    </ClInclude>
    <ClInclude Include="..\..\pellets\z_com\export\z_com_dll_lock.hpp">
      <Filter>pellets\z_com\export</Filter>
    </ClInclude>
    <ClInclude Include="..\..\pellets\z_com\export\z_com_dll_module.hpp">
      <Filter>pellets\z_com\export</Filter>
    </ClInclude>
    <ClInclude Include="..\..\pellets\z_com\export\z_com_dll_object.hpp">
      <Filter>pellets\z_com\export</Filter>
    </ClInclude>
    <ClInclude Include="..\..\pellets\z_com\export\z_com_object.hpp">
      <Filter>pellets\z_com\export</Filter>
    </ClInclude>
    <ClInclude Include="..\..\pellets\z_com\z_com_export.h">
      <Filter>pellets\z_com</Filter>
    </ClInclude>
    <ClInclude Include="..\..\pellets\z_com\z_com_import.h">
      <Filter>pellets\z_com</Filter>
    </ClInclude>
    <ClInclude Include="..\..\pellets\z_com\import\z_com_auto_ptr.hpp">
      <Filter>pellets\z_com\import</Filter>
    </ClInclude>
    <ClInclude Include="..\..\pellets\z_com\import\z_com_module.hpp">
      <Filter>pellets\z_com\import</Filter>
    </ClInclude>
    <ClInclude Include="..\..\pellets\z_com\import\z_com_interface_ptr.hpp">
      <Filter>pellets\z_com\import</Filter>
    </ClInclude>
    <ClInclude Include="..\..\pellets\z_com\import\z_com_loader.hpp">
      <Filter>pellets\z_com\import</Filter>
    </ClInclude>
    <ClInclude Include="..\..\pellets\z_zlib\z_zlib.h">
      <Filter>pellets\z_zlib</Filter>
    </ClInclude>
    <ClInclude Include="..\..\pellets\z_zlib\z_zlib_header.h">
      <Filter>pellets\z_zlib</Filter>
    </ClInclude>
    <ClInclude Include="..\..\pellets\z_win_utils\disk.hpp">
      <Filter>pellets\z_win_utils</Filter>
    </ClInclude>
    <ClInclude Include="..\..\pellets\z_com\import\z_com_module_handle.hpp">
      <Filter>pellets\z_com\import</Filter>
    </ClInclude>
    <ClInclude Include="..\..\pellets\z_win_utils\base64.hpp">
      <Filter>pellets\z_win_utils</Filter>
    </ClInclude>
    <ClInclude Include="..\..\pellets\z_win_utils\crc32.hpp">
      <Filter>pellets\z_win_utils</Filter>
    </ClInclude>
    <ClInclude Include="..\..\pellets\z_win_utils\md5.hpp">
      <Filter>pellets\z_win_utils</Filter>
    </ClInclude>
    <ClInclude Include="..\..\pellets\z_win_utils\split_str.hpp">
      <Filter>pellets\z_win_utils</Filter>
    </ClInclude>
    <ClInclude Include="..\..\pellets\z_win_utils\task_scheduler.hpp">
      <Filter>pellets\z_win_utils</Filter>
    </ClInclude>
    <ClInclude Include="..\..\pellets\z_win_utils\uri.hpp">
      <Filter>pellets\z_win_utils</Filter>
    </ClInclude>
    <ClInclude Include="..\..\pellets\z_win_utils\uri_query.hpp">
      <Filter>pellets\z_win_utils</Filter>
    </ClInclude>
    <ClInclude Include="..\..\pellets\z_win_utils\uri_utils.hpp">
      <Filter>pellets\z_win_utils</Filter>
    </ClInclude>
    <ClInclude Include="..\..\pellets\z_net\z_net.h">
      <Filter>pellets\z_net</Filter>
    </ClInclude>
    <ClInclude Include="..\..\pellets\z_net\z_net_header.h">
      <Filter>pellets\z_net</Filter>
    </ClInclude>
    <ClInclude Include="..\..\pellets\z_net\z_net_def.h">
      <Filter>pellets\z_net</Filter>
    </ClInclude>
    <ClInclude Include="..\..\pellets\z_net\z_net_wsa_initializer.hpp">
      <Filter>pellets\z_net</Filter>
    </ClInclude>
    <ClInclude Include="..\..\pellets\z_net\z_net_socket_address_ipv4.h">
      <Filter>pellets\z_net\base</Filter>
    </ClInclude>
    <ClInclude Include="..\..\pellets\z_net\z_net_socket_address.h">
      <Filter>pellets\z_net\base</Filter>
    </ClInclude>
    <ClInclude Include="..\..\pellets\z_win_utils\software_check.hpp">
      <Filter>pellets\z_win_utils</Filter>
    </ClInclude>
    <ClInclude Include="..\..\pellets\z_win_utils\str_conv.hpp">
      <Filter>pellets\z_win_utils</Filter>
    </ClInclude>
    <ClInclude Include="..\..\pellets\z_win_utils\system_info.h">
      <Filter>pellets\z_win_utils</Filter>
    </ClInclude>
    <ClInclude Include="..\..\3rdparty\mongoose\mongoose.h">
      <Filter>3rdparty\mongoose</Filter>
    </ClInclude>
    <ClInclude Include="..\..\pellets\harold\harold.h">
      <Filter>pellets\harold</Filter>
    </ClInclude>
    <ClInclude Include="..\..\pellets\harold\harold_header.h">
      <Filter>pellets\harold</Filter>
    </ClInclude>
    <ClInclude Include="..\..\pellets\harold\i_harold_server.h">
      <Filter>pellets\harold\interface</Filter>
    </ClInclude>
    <ClInclude Include="..\..\pellets\harold\harold_server_impl.h">
      <Filter>pellets\harold</Filter>
    </ClInclude>
    <ClInclude Include="..\..\pellets\harold\i_harold_server_auth_observer.h">
      <Filter>pellets\harold\interface</Filter>
    </ClInclude>
    <ClInclude Include="..\..\pellets\harold\i_harold_server_request_observer.h">
      <Filter>pellets\harold\interface</Filter>
    </ClInclude>
    <ClInclude Include="..\..\pellets\harold\i_harold_server_status_observer.h">
      <Filter>pellets\harold\interface</Filter>
    </ClInclude>
    <ClInclude Include="..\..\pellets\harold\harold_server_auth_log.h">
      <Filter>pellets\harold\observer_impl</Filter>
    </ClInclude>
    <ClInclude Include="..\..\pellets\harold\harold_server_request_directory_listing.h">
      <Filter>pellets\harold\observer_impl</Filter>
    </ClInclude>
    <ClInclude Include="..\..\pellets\harold\harold_server_request_download.h">
      <Filter>pellets\harold\observer_impl</Filter>
    </ClInclude>
    <ClInclude Include="..\..\pellets\harold\harold_server_request_log.h">
      <Filter>pellets\harold\observer_impl</Filter>
    </ClInclude>
    <ClInclude Include="..\..\pellets\harold\harold_server_status_log.h">
      <Filter>pellets\harold\observer_impl</Filter>
    </ClInclude>
    <ClInclude Include="..\..\pellets\harold\harold_server_request_upload.h">
      <Filter>pellets\harold\observer_impl</Filter>
    </ClInclude>
    <ClInclude Include="..\..\pellets\harold\harold_server_request_api.h">
      <Filter>pellets\harold\observer_impl</Filter>
    </ClInclude>
    <ClInclude Include="..\..\pellets\harold\i_harold_server_observer.h">
      <Filter>pellets\harold\interface</Filter>
    </ClInclude>
    <ClInclude Include="..\..\pellets\harold\harold_server_def.h">
      <Filter>pellets\harold</Filter>
    </ClInclude>
    <ClInclude Include="..\..\pellets\harold\harold_server_dynamic_impl.h">
      <Filter>pellets\harold</Filter>
    </ClInclude>
    <ClInclude Include="..\..\pellets\harold\harold_server_request_dynamic_api.h">
      <Filter>pellets\harold\observer_impl</Filter>
    </ClInclude>
    <ClInclude Include="..\..\pellets\harold\harold_server_request_dynamic_download.h">
      <Filter>pellets\harold\observer_impl</Filter>
    </ClInclude>
    <ClInclude Include="TestHarold.h">
      <Filter>src</Filter>
    </ClInclude>
    <ClInclude Include="..\..\pellets\z_win_utils\com_init.h">
      <Filter>pellets\z_win_utils</Filter>
    </ClInclude>
    <ClInclude Include="..\..\pellets\z_platform\z_platform.h">
      <Filter>pellets\z_platform</Filter>
    </ClInclude>
    <ClInclude Include="..\..\pellets\z_platform\z_platform_mutex.h">
      <Filter>pellets\z_platform</Filter>
    </ClInclude>
    <ClInclude Include="..\..\pellets\z_platform\z_platform_def.h">
      <Filter>pellets\z_platform</Filter>
    </ClInclude>
    <ClInclude Include="..\..\pellets\z_platform\z_platform_event.h">
      <Filter>pellets\z_platform</Filter>
    </ClInclude>
    <ClInclude Include="..\..\pellets\z_platform\z_platform_sleep.h">
      <Filter>pellets\z_platform</Filter>
    </ClInclude>
    <ClInclude Include="..\..\pellets\z_platform\impl\z_platform_win_event.hpp">
      <Filter>pellets\z_platform\impl</Filter>
    </ClInclude>
    <ClInclude Include="..\..\pellets\z_platform\impl\z_platform_win_mutex.hpp">
      <Filter>pellets\z_platform\impl</Filter>
    </ClInclude>
    <ClInclude Include="..\..\pellets\z_win_utils\wmi_query.h">
      <Filter>pellets\z_win_utils</Filter>
    </ClInclude>
    <ClInclude Include="..\..\pellets\z_platform\impl\z_platform_linux_event.hpp">
      <Filter>pellets\z_platform\impl</Filter>
    </ClInclude>
    <ClInclude Include="..\..\pellets\z_platform\impl\z_platform_linux_mutex.hpp">
      <Filter>pellets\z_platform\impl</Filter>
    </ClInclude>
    <ClInclude Include="..\..\pellets\z_platform\z_platform_thread.h">
      <Filter>pellets\z_platform</Filter>
    </ClInclude>
    <ClInclude Include="..\..\pellets\z_platform\impl\z_platform_win_thread.hpp">
      <Filter>pellets\z_platform\impl</Filter>
    </ClInclude>
    <ClInclude Include="..\..\pellets\z_platform\TestPlatform.h">
      <Filter>src</Filter>
    </ClInclude>
    <ClInclude Include="..\..\pellets\z_platform\impl\z_platform_linux_thread.hpp">
      <Filter>pellets\z_platform\impl</Filter>
    </ClInclude>
    <ClInclude Include="..\..\pellets\z_lua_bind\z_lua_bind.h">
      <Filter>pellets\z_lua_bind</Filter>
    </ClInclude>
    <ClInclude Include="..\..\pellets\z_lua_bind\z_lua_bind_def.h">
      <Filter>pellets\z_lua_bind</Filter>
    </ClInclude>
    <ClInclude Include="..\..\pellets\z_lua_bind\z_lua_bind_internal.hpp">
      <Filter>pellets\z_lua_bind</Filter>
    </ClInclude>
    <ClInclude Include="..\..\pellets\z_lua_bind\z_lua_bind_internal_call.hpp">
      <Filter>pellets\z_lua_bind</Filter>
    </ClInclude>
    <ClInclude Include="..\..\pellets\z_lua_bind\z_lua_bind_internal_def.hpp">
      <Filter>pellets\z_lua_bind</Filter>
    </ClInclude>
    <ClInclude Include="..\..\pellets\z_lua_bind\z_lua_bind_internal_functor.hpp">
      <Filter>pellets\z_lua_bind</Filter>
    </ClInclude>
    <ClInclude Include="..\..\pellets\z_lua_bind\z_lua_bind_internal_global.hpp">
      <Filter>pellets\z_lua_bind</Filter>
    </ClInclude>
    <ClInclude Include="..\..\pellets\z_lua_bind\z_lua_bind_internal_pop.hpp">
      <Filter>pellets\z_lua_bind</Filter>
    </ClInclude>
    <ClInclude Include="..\..\pellets\z_lua_bind\z_lua_bind_internal_push.hpp">
      <Filter>pellets\z_lua_bind</Filter>
    </ClInclude>
    <ClInclude Include="..\..\pellets\z_lua_bind\z_lua_bind_internal_read.hpp">
      <Filter>pellets\z_lua_bind</Filter>
    </ClInclude>
    <ClInclude Include="..\..\pellets\z_lua_bind\z_lua_bind_internal_typetrait.hpp">
      <Filter>pellets\z_lua_bind</Filter>
    </ClInclude>
    <ClInclude Include="..\..\pellets\z_lua_bind\z_lua_function_reg.hpp">
      <Filter>pellets\z_lua_bind</Filter>
    </ClInclude>
    <ClInclude Include="..\..\pellets\z_lua_bind\z_lua_state.hpp">
      <Filter>pellets\z_lua_bind</Filter>
    </ClInclude>
  </ItemGroup>
  <ItemGroup>
    <ClCompile Include="..\..\pellets\data_box\array_data.cpp">
      <Filter>pellets\DataBox</Filter>
    </ClCompile>
    <ClCompile Include="..\..\pellets\data_box\value_data.cpp">
      <Filter>pellets\DataBox</Filter>
    </ClCompile>
    <ClCompile Include="..\..\pellets\data_box\value_data_string.cpp">
      <Filter>pellets\DataBox</Filter>
    </ClCompile>
    <ClCompile Include="..\..\pellets\serialize\data.cpp">
      <Filter>pellets\Serialize</Filter>
    </ClCompile>
    <ClCompile Include="..\..\pellets\serialize\data_format.cpp">
      <Filter>pellets\Serialize</Filter>
    </ClCompile>
    <ClCompile Include="..\..\pellets\serialize\serialize_engine.cpp">
      <Filter>pellets\Serialize</Filter>
    </ClCompile>
    <ClCompile Include="..\..\pellets\peutils\pefile.cpp">
      <Filter>pellets\Peutils</Filter>
    </ClCompile>
    <ClCompile Include="..\..\pellets\peutils\peparser.cpp">
      <Filter>pellets\Peutils</Filter>
    </ClCompile>
    <ClCompile Include="..\..\pellets\peutils\pesectionobject.cpp">
      <Filter>pellets\Peutils</Filter>
    </ClCompile>
    <ClCompile Include="..\..\pellets\peutils\peimport.cpp">
      <Filter>pellets\Peutils</Filter>
    </ClCompile>
    <ClCompile Include="..\..\pellets\ipc\ipccallclient.cpp">
      <Filter>pellets\IPC</Filter>
    </ClCompile>
    <ClCompile Include="..\..\pellets\ipc\ipcjsonprocessor.cpp">
      <Filter>pellets\IPC</Filter>
    </ClCompile>
    <ClCompile Include="..\..\pellets\ipc\ipcpipecltchannel.cpp">
      <Filter>pellets\IPC</Filter>
    </ClCompile>
    <ClCompile Include="..\..\pellets\ipc\ipcpipesvr.cpp">
      <Filter>pellets\IPC</Filter>
    </ClCompile>
    <ClCompile Include="..\..\pellets\ipc\ipcpipesvrchannel.cpp">
      <Filter>pellets\IPC</Filter>
    </ClCompile>
    <ClCompile Include="..\..\3rdparty\detours\src\creatwth.cpp">
      <Filter>3rdparty\detours</Filter>
    </ClCompile>
    <ClCompile Include="..\..\3rdparty\detours\src\detours.cpp">
      <Filter>3rdparty\detours</Filter>
    </ClCompile>
    <ClCompile Include="..\..\3rdparty\detours\src\disasm.cpp">
      <Filter>3rdparty\detours</Filter>
    </ClCompile>
    <ClCompile Include="..\..\3rdparty\detours\src\image.cpp">
      <Filter>3rdparty\detours</Filter>
    </ClCompile>
    <ClCompile Include="..\..\3rdparty\detours\src\modules.cpp">
      <Filter>3rdparty\detours</Filter>
    </ClCompile>
    <ClCompile Include="..\..\3rdparty\jsonlib\lib_json\json_reader.cpp">
      <Filter>pellets\IPC\json</Filter>
    </ClCompile>
    <ClCompile Include="..\..\3rdparty\jsonlib\lib_json\json_value.cpp">
      <Filter>pellets\IPC\json</Filter>
    </ClCompile>
    <ClCompile Include="..\..\3rdparty\jsonlib\lib_json\json_writer.cpp">
      <Filter>pellets\IPC\json</Filter>
    </ClCompile>
    <ClCompile Include="..\..\pellets\z_thread_pool\z_task.cpp">
      <Filter>pellets\z_thread_pool</Filter>
    </ClCompile>
    <ClCompile Include="..\..\pellets\z_thread_pool\z_task_queue.cpp">
      <Filter>pellets\z_thread_pool</Filter>
    </ClCompile>
    <ClCompile Include="..\..\pellets\z_thread_pool\z_thread.cpp">
      <Filter>pellets\z_thread_pool</Filter>
    </ClCompile>
    <ClCompile Include="..\..\pellets\z_thread_pool\z_thread_list.cpp">
      <Filter>pellets\z_thread_pool</Filter>
    </ClCompile>
    <ClCompile Include="..\..\pellets\z_thread_pool\z_thread_pool.cpp">
      <Filter>pellets\z_thread_pool</Filter>
    </ClCompile>
    <ClCompile Include="..\..\pellets\z_thread_pool\z_thread_stack.cpp">
      <Filter>pellets\z_thread_pool</Filter>
    </ClCompile>
    <ClCompile Include="..\..\3rdparty\luasrc\lapi.c">
      <Filter>3rdparty\lua</Filter>
    </ClCompile>
    <ClCompile Include="..\..\3rdparty\luasrc\lauxlib.c">
      <Filter>3rdparty\lua</Filter>
    </ClCompile>
    <ClCompile Include="..\..\3rdparty\luasrc\lbaselib.c">
      <Filter>3rdparty\lua</Filter>
    </ClCompile>
    <ClCompile Include="..\..\3rdparty\luasrc\lbitlib.c">
      <Filter>3rdparty\lua</Filter>
    </ClCompile>
    <ClCompile Include="..\..\3rdparty\luasrc\lcode.c">
      <Filter>3rdparty\lua</Filter>
    </ClCompile>
    <ClCompile Include="..\..\3rdparty\luasrc\lcorolib.c">
      <Filter>3rdparty\lua</Filter>
    </ClCompile>
    <ClCompile Include="..\..\3rdparty\luasrc\lctype.c">
      <Filter>3rdparty\lua</Filter>
    </ClCompile>
    <ClCompile Include="..\..\3rdparty\luasrc\ldblib.c">
      <Filter>3rdparty\lua</Filter>
    </ClCompile>
    <ClCompile Include="..\..\3rdparty\luasrc\ldebug.c">
      <Filter>3rdparty\lua</Filter>
    </ClCompile>
    <ClCompile Include="..\..\3rdparty\luasrc\ldo.c">
      <Filter>3rdparty\lua</Filter>
    </ClCompile>
    <ClCompile Include="..\..\3rdparty\luasrc\ldump.c">
      <Filter>3rdparty\lua</Filter>
    </ClCompile>
    <ClCompile Include="..\..\3rdparty\luasrc\lfunc.c">
      <Filter>3rdparty\lua</Filter>
    </ClCompile>
    <ClCompile Include="..\..\3rdparty\luasrc\lgc.c">
      <Filter>3rdparty\lua</Filter>
    </ClCompile>
    <ClCompile Include="..\..\3rdparty\luasrc\linit.c">
      <Filter>3rdparty\lua</Filter>
    </ClCompile>
    <ClCompile Include="..\..\3rdparty\luasrc\liolib.c">
      <Filter>3rdparty\lua</Filter>
    </ClCompile>
    <ClCompile Include="..\..\3rdparty\luasrc\llex.c">
      <Filter>3rdparty\lua</Filter>
    </ClCompile>
    <ClCompile Include="..\..\3rdparty\luasrc\lmathlib.c">
      <Filter>3rdparty\lua</Filter>
    </ClCompile>
    <ClCompile Include="..\..\3rdparty\luasrc\lmem.c">
      <Filter>3rdparty\lua</Filter>
    </ClCompile>
    <ClCompile Include="..\..\3rdparty\luasrc\loadlib.c">
      <Filter>3rdparty\lua</Filter>
    </ClCompile>
    <ClCompile Include="..\..\3rdparty\luasrc\lobject.c">
      <Filter>3rdparty\lua</Filter>
    </ClCompile>
    <ClCompile Include="..\..\3rdparty\luasrc\lopcodes.c">
      <Filter>3rdparty\lua</Filter>
    </ClCompile>
    <ClCompile Include="..\..\3rdparty\luasrc\loslib.c">
      <Filter>3rdparty\lua</Filter>
    </ClCompile>
    <ClCompile Include="..\..\3rdparty\luasrc\lparser.c">
      <Filter>3rdparty\lua</Filter>
    </ClCompile>
    <ClCompile Include="..\..\3rdparty\luasrc\lstate.c">
      <Filter>3rdparty\lua</Filter>
    </ClCompile>
    <ClCompile Include="..\..\3rdparty\luasrc\lstring.c">
      <Filter>3rdparty\lua</Filter>
    </ClCompile>
    <ClCompile Include="..\..\3rdparty\luasrc\lstrlib.c">
      <Filter>3rdparty\lua</Filter>
    </ClCompile>
    <ClCompile Include="..\..\3rdparty\luasrc\ltable.c">
      <Filter>3rdparty\lua</Filter>
    </ClCompile>
    <ClCompile Include="..\..\3rdparty\luasrc\ltablib.c">
      <Filter>3rdparty\lua</Filter>
    </ClCompile>
    <ClCompile Include="..\..\3rdparty\luasrc\ltm.c">
      <Filter>3rdparty\lua</Filter>
    </ClCompile>
    <ClCompile Include="..\..\3rdparty\luasrc\lua.c">
      <Filter>3rdparty\lua</Filter>
    </ClCompile>
    <ClCompile Include="..\..\3rdparty\luasrc\luac.c">
      <Filter>3rdparty\lua</Filter>
    </ClCompile>
    <ClCompile Include="..\..\3rdparty\luasrc\lundump.c">
      <Filter>3rdparty\lua</Filter>
    </ClCompile>
    <ClCompile Include="..\..\3rdparty\luasrc\lvm.c">
      <Filter>3rdparty\lua</Filter>
    </ClCompile>
    <ClCompile Include="..\..\3rdparty\luasrc\lzio.c">
      <Filter>3rdparty\lua</Filter>
    </ClCompile>
    <ClCompile Include="TestLuaBind.cpp">
      <Filter>src</Filter>
    </ClCompile>
    <ClCompile Include="stdafx.cpp">
      <Filter>src</Filter>
    </ClCompile>
    <ClCompile Include="test_pellets.cpp">
      <Filter>src</Filter>
    </ClCompile>
    <ClCompile Include="TestDataBox.cpp">
      <Filter>src</Filter>
    </ClCompile>
    <ClCompile Include="TestDesignPattern.cpp">
      <Filter>src</Filter>
    </ClCompile>
    <ClCompile Include="TestEvent.cpp">
      <Filter>src</Filter>
    </ClCompile>
    <ClCompile Include="TestPeutils.cpp">
      <Filter>src</Filter>
    </ClCompile>
    <ClCompile Include="TestSerialize.cpp">
      <Filter>src</Filter>
    </ClCompile>
    <ClCompile Include="TestThreadPool.cpp">
      <Filter>src</Filter>
    </ClCompile>
    <ClCompile Include="TestThreadSync.cpp">
      <Filter>src</Filter>
    </ClCompile>
    <ClCompile Include="TestTimer.cpp">
      <Filter>src</Filter>
    </ClCompile>
    <ClCompile Include="..\..\pellets\z_win_utils\TestWinUtils.cpp">
      <Filter>src</Filter>
    </ClCompile>
    <ClCompile Include="..\..\pellets\z_http\TestHttp.cpp">
      <Filter>src</Filter>
    </ClCompile>
    <ClCompile Include="..\..\pellets\z_net\z_net_socket_address_ipv4.cpp">
      <Filter>pellets\z_net\base</Filter>
    </ClCompile>
    <ClCompile Include="..\..\3rdparty\mongoose\mongoose.c">
      <Filter>3rdparty\mongoose</Filter>
    </ClCompile>
    <ClCompile Include="..\..\pellets\harold\harold_server_impl.cpp">
      <Filter>pellets\harold</Filter>
    </ClCompile>
    <ClCompile Include="..\..\pellets\harold\harold_server_auth_log.cpp">
      <Filter>pellets\harold\observer_impl</Filter>
    </ClCompile>
    <ClCompile Include="..\..\pellets\harold\harold_server_request_directory_listing.cpp">
      <Filter>pellets\harold\observer_impl</Filter>
    </ClCompile>
    <ClCompile Include="..\..\pellets\harold\harold_server_request_download.cpp">
      <Filter>pellets\harold\observer_impl</Filter>
    </ClCompile>
    <ClCompile Include="..\..\pellets\harold\harold_server_request_log.cpp">
      <Filter>pellets\harold\observer_impl</Filter>
    </ClCompile>
    <ClCompile Include="..\..\pellets\harold\harold_server_status_log.cpp">
      <Filter>pellets\harold\observer_impl</Filter>
    </ClCompile>
    <ClCompile Include="..\..\pellets\harold\harold_server_request_upload.cpp">
      <Filter>pellets\harold\observer_impl</Filter>
    </ClCompile>
    <ClCompile Include="..\..\pellets\harold\harold_server_request_api.cpp">
      <Filter>pellets\harold\observer_impl</Filter>
    </ClCompile>
    <ClCompile Include="..\..\pellets\harold\harold_server_dynamic_impl.cpp">
      <Filter>pellets\harold</Filter>
    </ClCompile>
    <ClCompile Include="..\..\pellets\harold\harold_server_request_dynamic_api.cpp">
      <Filter>pellets\harold\observer_impl</Filter>
    </ClCompile>
    <ClCompile Include="..\..\pellets\harold\harold_server_request_dynamic_download.cpp">
      <Filter>pellets\harold\observer_impl</Filter>
    </ClCompile>
    <ClCompile Include="TestHarold.cpp">
      <Filter>src</Filter>
    </ClCompile>
  </ItemGroup>
  <ItemGroup>
    <None Include="..\..\3rdparty\jsonlib\lib_json\json_internalarray.inl">
      <Filter>pellets\IPC\json</Filter>
    </None>
    <None Include="..\..\3rdparty\jsonlib\lib_json\json_internalmap.inl">
      <Filter>pellets\IPC\json</Filter>
    </None>
    <None Include="..\..\3rdparty\jsonlib\lib_json\json_valueiterator.inl">
      <Filter>pellets\IPC\json</Filter>
    </None>
    <None Include="..\..\3rdparty\luasrc\Makefile">
      <Filter>3rdparty\lua</Filter>
    </None>
  </ItemGroup>
</Project>