<?xml version="1.0" encoding="utf-8"?>
<Project ToolsVersion="4.0" xmlns="http://schemas.microsoft.com/developer/msbuild/2003">
  <ItemGroup>
    <Filter Include="源文件">
      <UniqueIdentifier>{4FC737F1-C7A5-4376-A066-2A32D752A2FF}</UniqueIdentifier>
      <Extensions>cpp;c;cc;cxx;def;odl;idl;hpj;bat;asm;asmx</Extensions>
    </Filter>
    <Filter Include="头文件">
      <UniqueIdentifier>{93995380-89BD-4b04-88EB-625FBE52EBFB}</UniqueIdentifier>
      <Extensions>h;hpp;hxx;hm;inl;inc;xsd</Extensions>
    </Filter>
    <Filter Include="资源文件">
      <UniqueIdentifier>{67DA6AB6-F800-4c08-8B7A-83BB121AAD01}</UniqueIdentifier>
      <Extensions>rc;ico;cur;bmp;dlg;rc2;rct;bin;rgs;gif;jpg;jpeg;jpe;resx;tiff;tif;png;wav;mfcribbon-ms</Extensions>
    </Filter>
    <Filter Include="pellets">
      <UniqueIdentifier>{f065d556-c91e-4017-8aa8-14b1ab73a0e2}</UniqueIdentifier>
    </Filter>
    <Filter Include="pellets\DataBox">
      <UniqueIdentifier>{39738561-dba6-4940-ad16-452ad4181206}</UniqueIdentifier>
    </Filter>
    <Filter Include="pellets\ThreadSync">
      <UniqueIdentifier>{8146a8a3-58ad-4691-9072-de1bd0637a06}</UniqueIdentifier>
    </Filter>
    <Filter Include="pellets\Serialize">
      <UniqueIdentifier>{158145e1-f44d-4d7f-a307-f2f4b6cd5502}</UniqueIdentifier>
    </Filter>
    <Filter Include="pellets\Peutils">
      <UniqueIdentifier>{801fdacf-4c1e-43cf-9ab0-067a76338303}</UniqueIdentifier>
    </Filter>
    <Filter Include="pellets\IPC">
      <UniqueIdentifier>{37cfc376-d252-4104-863e-88081ec50f62}</UniqueIdentifier>
    </Filter>
    <Filter Include="pellets\IPC\JsonParser">
      <UniqueIdentifier>{9984b245-1d49-4a14-a2f4-5e201c429083}</UniqueIdentifier>
    </Filter>
    <Filter Include="pellets\IPC\json">
      <UniqueIdentifier>{ab07fc6a-ece6-467f-997c-fb60cb17d605}</UniqueIdentifier>
    </Filter>
    <Filter Include="pellets\Hook">
      <UniqueIdentifier>{22510bfa-067c-45b3-84d2-82d751c4e047}</UniqueIdentifier>
    </Filter>
    <Filter Include="3rdparty">
      <UniqueIdentifier>{0bd38adf-5486-41c8-8a3a-990ab16e8a4f}</UniqueIdentifier>
    </Filter>
    <Filter Include="3rdparty\detours">
      <UniqueIdentifier>{dba356ff-1332-4bda-a6cc-f5066dee3e02}</UniqueIdentifier>
    </Filter>
  </ItemGroup>
  <ItemGroup>
    <Text Include="ReadMe.txt" />
  </ItemGroup>
  <ItemGroup>
    <ClInclude Include="stdafx.h">
      <Filter>头文件</Filter>
    </ClInclude>
    <ClInclude Include="targetver.h">
      <Filter>头文件</Filter>
    </ClInclude>
    <ClInclude Include="..\..\pellets\data_box\array_data.h">
      <Filter>pellets\DataBox</Filter>
    </ClInclude>
    <ClInclude Include="..\..\pellets\data_box\data_box.h">
      <Filter>pellets\DataBox</Filter>
    </ClInclude>
    <ClInclude Include="..\..\pellets\data_box\data_box_def.h">
      <Filter>pellets\DataBox</Filter>
    </ClInclude>
    <ClInclude Include="..\..\pellets\data_box\value_data.h">
      <Filter>pellets\DataBox</Filter>
    </ClInclude>
    <ClInclude Include="..\..\pellets\data_box\value_data_string.h">
      <Filter>pellets\DataBox</Filter>
    </ClInclude>
    <ClInclude Include="TestDataBox.h">
      <Filter>头文件</Filter>
    </ClInclude>
    <ClInclude Include="def.h">
      <Filter>头文件</Filter>
    </ClInclude>
    <ClInclude Include="..\..\pellets\data_box\value_data_t.hpp">
      <Filter>pellets\DataBox</Filter>
    </ClInclude>
    <ClInclude Include="..\..\pellets\data_box\value_data_num.hpp">
      <Filter>pellets\DataBox</Filter>
    </ClInclude>
    <ClInclude Include="..\..\pellets\thread_sync\criticalsection.hpp">
      <Filter>pellets\ThreadSync</Filter>
    </ClInclude>
    <ClInclude Include="..\..\pellets\thread_sync\event.hpp">
      <Filter>pellets\ThreadSync</Filter>
    </ClInclude>
    <ClInclude Include="..\..\pellets\thread_sync\mutex.hpp">
      <Filter>pellets\ThreadSync</Filter>
    </ClInclude>
    <ClInclude Include="..\..\pellets\thread_sync\semaphore.hpp">
      <Filter>pellets\ThreadSync</Filter>
    </ClInclude>
    <ClInclude Include="..\..\pellets\thread_sync\syncobject.hpp">
      <Filter>pellets\ThreadSync</Filter>
    </ClInclude>
    <ClInclude Include="..\..\pellets\thread_sync\thread_sync.h">
      <Filter>pellets\ThreadSync</Filter>
    </ClInclude>
    <ClInclude Include="..\..\pellets\thread_sync\thread_sync_def.h">
      <Filter>pellets\ThreadSync</Filter>
    </ClInclude>
    <ClInclude Include="TestThreadSync.h">
      <Filter>头文件</Filter>
    </ClInclude>
    <ClInclude Include="..\..\pellets\serialize\serialize.h">
      <Filter>pellets\Serialize</Filter>
    </ClInclude>
    <ClInclude Include="..\..\pellets\serialize\data.h">
      <Filter>pellets\Serialize</Filter>
    </ClInclude>
    <ClInclude Include="..\..\pellets\serialize\data_format.h">
      <Filter>pellets\Serialize</Filter>
    </ClInclude>
    <ClInclude Include="..\..\pellets\serialize\serialize_engine.h">
      <Filter>pellets\Serialize</Filter>
    </ClInclude>
    <ClInclude Include="..\..\pellets\serialize\serialize_def.h">
      <Filter>pellets\Serialize</Filter>
    </ClInclude>
    <ClInclude Include="TestSerialize.h">
      <Filter>头文件</Filter>
    </ClInclude>
    <ClInclude Include="..\..\pellets\peutils\pefile.h">
      <Filter>pellets\Peutils</Filter>
    </ClInclude>
    <ClInclude Include="..\..\pellets\peutils\peparser.h">
      <Filter>pellets\Peutils</Filter>
    </ClInclude>
    <ClInclude Include="..\..\pellets\peutils\peutils_def.h">
      <Filter>pellets\Peutils</Filter>
    </ClInclude>
    <ClInclude Include="TestPeutils.h">
      <Filter>头文件</Filter>
    </ClInclude>
    <ClInclude Include="..\..\pellets\peutils\pesectionobject.h">
      <Filter>pellets\Peutils</Filter>
    </ClInclude>
    <ClInclude Include="..\..\pellets\peutils\peimport.h">
      <Filter>pellets\Peutils</Filter>
    </ClInclude>
    <ClInclude Include="..\..\pellets\peutils\peobject.h">
      <Filter>pellets\Peutils</Filter>
    </ClInclude>
    <ClInclude Include="..\..\pellets\ipc\jsonparser\ipcerror.h">
      <Filter>pellets\IPC\JsonParser</Filter>
    </ClInclude>
    <ClInclude Include="..\..\pellets\ipc\jsonparser\ipcexception.h">
      <Filter>pellets\IPC\JsonParser</Filter>
    </ClInclude>
    <ClInclude Include="..\..\pellets\ipc\jsonparser\ipcfuncmgr.h">
      <Filter>pellets\IPC\JsonParser</Filter>
    </ClInclude>
    <ClInclude Include="..\..\pellets\ipc\jsonparser\ipcjsonconvert.h">
      <Filter>pellets\IPC\JsonParser</Filter>
    </ClInclude>
    <ClInclude Include="..\..\pellets\ipc\jsonparser\ipcjsonparam.h">
      <Filter>pellets\IPC\JsonParser</Filter>
    </ClInclude>
    <ClInclude Include="..\..\pellets\ipc\jsonparser\ipcjsonrun.h">
      <Filter>pellets\IPC\JsonParser</Filter>
    </ClInclude>
    <ClInclude Include="..\..\pellets\ipc\jsonparser\ipclocation.h">
      <Filter>pellets\IPC\JsonParser</Filter>
    </ClInclude>
    <ClInclude Include="..\..\pellets\ipc\jsonparser\ipclocker.h">
      <Filter>pellets\IPC\JsonParser</Filter>
    </ClInclude>
    <ClInclude Include="..\..\pellets\ipc\jsonparser\ipcpublic.h">
      <Filter>pellets\IPC\JsonParser</Filter>
    </ClInclude>
    <ClInclude Include="..\..\pellets\ipc\jsonparser\ipcutfconv.h">
      <Filter>pellets\IPC\JsonParser</Filter>
    </ClInclude>
    <ClInclude Include="..\..\pellets\ipc\ipc_def.h">
      <Filter>pellets\IPC</Filter>
    </ClInclude>
    <ClInclude Include="..\..\pellets\ipc\ipccallclient.h">
      <Filter>pellets\IPC</Filter>
    </ClInclude>
    <ClInclude Include="..\..\pellets\ipc\ipcimsgprocessor.h">
      <Filter>pellets\IPC</Filter>
    </ClInclude>
    <ClInclude Include="..\..\pellets\ipc\ipcjsonprocessor.h">
      <Filter>pellets\IPC</Filter>
    </ClInclude>
    <ClInclude Include="..\..\pellets\ipc\ipcpipecltchannel.h">
      <Filter>pellets\IPC</Filter>
    </ClInclude>
    <ClInclude Include="..\..\pellets\ipc\ipcpipesvr.h">
      <Filter>pellets\IPC</Filter>
    </ClInclude>
    <ClInclude Include="..\..\pellets\ipc\ipcpipesvrchannel.h">
      <Filter>pellets\IPC</Filter>
    </ClInclude>
    <ClInclude Include="..\..\pellets\ipc\ipcrefcount.h">
      <Filter>pellets\IPC</Filter>
    </ClInclude>
    <ClInclude Include="..\..\pellets\ipc\jsonparser\iipccallfilter.h">
      <Filter>pellets\IPC\JsonParser</Filter>
    </ClInclude>
    <ClInclude Include="..\..\pellets\hook\zl_hook_def.h">
      <Filter>pellets\Hook</Filter>
    </ClInclude>
    <ClInclude Include="..\..\pellets\hook\i_zl_hook_container.h">
      <Filter>pellets\Hook</Filter>
    </ClInclude>
    <ClInclude Include="..\..\3rdparty\detours\src\detours.h">
      <Filter>3rdparty\detours</Filter>
    </ClInclude>
    <ClInclude Include="..\..\3rdparty\detours\src\detver.h">
      <Filter>3rdparty\detours</Filter>
    </ClInclude>
  </ItemGroup>
  <ItemGroup>
    <ClCompile Include="stdafx.cpp">
      <Filter>源文件</Filter>
    </ClCompile>
    <ClCompile Include="test_pellets.cpp">
      <Filter>源文件</Filter>
    </ClCompile>
    <ClCompile Include="..\..\pellets\data_box\array_data.cpp">
      <Filter>pellets\DataBox</Filter>
    </ClCompile>
    <ClCompile Include="..\..\pellets\data_box\value_data.cpp">
      <Filter>pellets\DataBox</Filter>
    </ClCompile>
    <ClCompile Include="..\..\pellets\data_box\value_data_string.cpp">
      <Filter>pellets\DataBox</Filter>
    </ClCompile>
    <ClCompile Include="TestDataBox.cpp">
      <Filter>源文件</Filter>
    </ClCompile>
    <ClCompile Include="TestThreadSync.cpp">
      <Filter>源文件</Filter>
    </ClCompile>
    <ClCompile Include="..\..\pellets\serialize\data.cpp">
      <Filter>pellets\Serialize</Filter>
    </ClCompile>
    <ClCompile Include="..\..\pellets\serialize\data_format.cpp">
      <Filter>pellets\Serialize</Filter>
    </ClCompile>
    <ClCompile Include="..\..\pellets\serialize\serialize_engine.cpp">
      <Filter>pellets\Serialize</Filter>
    </ClCompile>
    <ClCompile Include="TestSerialize.cpp">
      <Filter>源文件</Filter>
    </ClCompile>
    <ClCompile Include="..\..\pellets\peutils\pefile.cpp">
      <Filter>pellets\Peutils</Filter>
    </ClCompile>
    <ClCompile Include="..\..\pellets\peutils\peparser.cpp">
      <Filter>pellets\Peutils</Filter>
    </ClCompile>
    <ClCompile Include="TestPeutils.cpp">
      <Filter>源文件</Filter>
    </ClCompile>
    <ClCompile Include="..\..\pellets\peutils\pesectionobject.cpp">
      <Filter>pellets\Peutils</Filter>
    </ClCompile>
    <ClCompile Include="..\..\pellets\peutils\peimport.cpp">
      <Filter>pellets\Peutils</Filter>
    </ClCompile>
    <ClCompile Include="..\..\3rdparty\jsonlib\src\json_reader.cpp">
      <Filter>pellets\IPC\json</Filter>
    </ClCompile>
    <ClCompile Include="..\..\3rdparty\jsonlib\src\json_value.cpp">
      <Filter>pellets\IPC\json</Filter>
    </ClCompile>
    <ClCompile Include="..\..\3rdparty\jsonlib\src\json_writer.cpp">
      <Filter>pellets\IPC\json</Filter>
    </ClCompile>
    <ClCompile Include="..\..\pellets\ipc\ipccallclient.cpp">
      <Filter>pellets\IPC</Filter>
    </ClCompile>
    <ClCompile Include="..\..\pellets\ipc\ipcjsonprocessor.cpp">
      <Filter>pellets\IPC</Filter>
    </ClCompile>
    <ClCompile Include="..\..\pellets\ipc\ipcpipecltchannel.cpp">
      <Filter>pellets\IPC</Filter>
    </ClCompile>
    <ClCompile Include="..\..\pellets\ipc\ipcpipesvr.cpp">
      <Filter>pellets\IPC</Filter>
    </ClCompile>
    <ClCompile Include="..\..\pellets\ipc\ipcpipesvrchannel.cpp">
      <Filter>pellets\IPC</Filter>
    </ClCompile>
    <ClCompile Include="..\..\3rdparty\detours\src\creatwth.cpp">
      <Filter>3rdparty\detours</Filter>
    </ClCompile>
    <ClCompile Include="..\..\3rdparty\detours\src\detours.cpp">
      <Filter>3rdparty\detours</Filter>
    </ClCompile>
    <ClCompile Include="..\..\3rdparty\detours\src\disasm.cpp">
      <Filter>3rdparty\detours</Filter>
    </ClCompile>
    <ClCompile Include="..\..\3rdparty\detours\src\image.cpp">
      <Filter>3rdparty\detours</Filter>
    </ClCompile>
    <ClCompile Include="..\..\3rdparty\detours\src\modules.cpp">
      <Filter>3rdparty\detours</Filter>
    </ClCompile>
  </ItemGroup>
  <ItemGroup>
    <None Include="..\..\3rdparty\jsonlib\src\json_internalarray.inl">
      <Filter>pellets\IPC\json</Filter>
    </None>
    <None Include="..\..\3rdparty\jsonlib\src\json_internalmap.inl">
      <Filter>pellets\IPC\json</Filter>
    </None>
    <None Include="..\..\3rdparty\jsonlib\src\json_valueiterator.inl">
      <Filter>pellets\IPC\json</Filter>
    </None>
  </ItemGroup>
</Project>