<?xml version="1.0" encoding="utf-8"?>
<Project ToolsVersion="4.0" xmlns="http://schemas.microsoft.com/developer/msbuild/2003">
  <ItemGroup>
    <Filter Include="源文件">
      <UniqueIdentifier>{4FC737F1-C7A5-4376-A066-2A32D752A2FF}</UniqueIdentifier>
      <Extensions>cpp;c;cc;cxx;def;odl;idl;hpj;bat;asm;asmx</Extensions>
    </Filter>
    <Filter Include="头文件">
      <UniqueIdentifier>{93995380-89BD-4b04-88EB-625FBE52EBFB}</UniqueIdentifier>
      <Extensions>h;hpp;hxx;hm;inl;inc;xsd</Extensions>
    </Filter>
    <Filter Include="资源文件">
      <UniqueIdentifier>{67DA6AB6-F800-4c08-8B7A-83BB121AAD01}</UniqueIdentifier>
      <Extensions>rc;ico;cur;bmp;dlg;rc2;rct;bin;rgs;gif;jpg;jpeg;jpe;resx;tiff;tif;png;wav;mfcribbon-ms</Extensions>
    </Filter>
    <Filter Include="pellets">
      <UniqueIdentifier>{f065d556-c91e-4017-8aa8-14b1ab73a0e2}</UniqueIdentifier>
    </Filter>
    <Filter Include="pellets\DataBox">
      <UniqueIdentifier>{39738561-dba6-4940-ad16-452ad4181206}</UniqueIdentifier>
    </Filter>
  </ItemGroup>
  <ItemGroup>
    <Text Include="ReadMe.txt" />
  </ItemGroup>
  <ItemGroup>
    <ClInclude Include="stdafx.h">
      <Filter>头文件</Filter>
    </ClInclude>
    <ClInclude Include="targetver.h">
      <Filter>头文件</Filter>
    </ClInclude>
    <ClInclude Include="..\..\pellets\data_box\array_data.h">
      <Filter>pellets\DataBox</Filter>
    </ClInclude>
    <ClInclude Include="..\..\pellets\data_box\data_box.h">
      <Filter>pellets\DataBox</Filter>
    </ClInclude>
    <ClInclude Include="..\..\pellets\data_box\data_box_def.h">
      <Filter>pellets\DataBox</Filter>
    </ClInclude>
    <ClInclude Include="..\..\pellets\data_box\value_data.h">
      <Filter>pellets\DataBox</Filter>
    </ClInclude>
    <ClInclude Include="..\..\pellets\data_box\value_data_string.h">
      <Filter>pellets\DataBox</Filter>
    </ClInclude>
    <ClInclude Include="..\..\pellets\data_box\value_data_uint8.h">
      <Filter>pellets\DataBox</Filter>
    </ClInclude>
    <ClInclude Include="..\..\pellets\data_box\value_data_uint16.h">
      <Filter>pellets\DataBox</Filter>
    </ClInclude>
    <ClInclude Include="..\..\pellets\data_box\value_data_uint32.h">
      <Filter>pellets\DataBox</Filter>
    </ClInclude>
  </ItemGroup>
  <ItemGroup>
    <ClCompile Include="stdafx.cpp">
      <Filter>源文件</Filter>
    </ClCompile>
    <ClCompile Include="test_pellets.cpp">
      <Filter>源文件</Filter>
    </ClCompile>
    <ClCompile Include="..\..\pellets\data_box\array_data.cpp">
      <Filter>pellets\DataBox</Filter>
    </ClCompile>
    <ClCompile Include="..\..\pellets\data_box\value_data.cpp">
      <Filter>pellets\DataBox</Filter>
    </ClCompile>
    <ClCompile Include="..\..\pellets\data_box\value_data_string.cpp">
      <Filter>pellets\DataBox</Filter>
    </ClCompile>
    <ClCompile Include="..\..\pellets\data_box\value_data_uint8.cpp">
      <Filter>pellets\DataBox</Filter>
    </ClCompile>
    <ClCompile Include="..\..\pellets\data_box\value_data_uint16.cpp">
      <Filter>pellets\DataBox</Filter>
    </ClCompile>
    <ClCompile Include="..\..\pellets\data_box\value_data_uint32.cpp">
      <Filter>pellets\DataBox</Filter>
    </ClCompile>
  </ItemGroup>
</Project>