<?xml version="1.0" encoding="utf-8"?>
<Project ToolsVersion="4.0" xmlns="http://schemas.microsoft.com/developer/msbuild/2003">
  <ItemGroup>
    <ClInclude Include="game_util.h">
      <Filter>util</Filter>
    </ClInclude>
    <ClInclude Include="game_define.h">
      <Filter>common</Filter>
    </ClInclude>
    <ClInclude Include="path_definition.h">
      <Filter>common</Filter>
    </ClInclude>
    <ClInclude Include="jsoncpp\lib_json\json_batchallocator.h">
      <Filter>jsoncpp</Filter>
    </ClInclude>
    <ClInclude Include="jsoncpp\json\autolink.h">
      <Filter>jsoncpp</Filter>
    </ClInclude>
    <ClInclude Include="jsoncpp\json\config.h">
      <Filter>jsoncpp</Filter>
    </ClInclude>
    <ClInclude Include="jsoncpp\json\features.h">
      <Filter>jsoncpp</Filter>
    </ClInclude>
    <ClInclude Include="jsoncpp\json\forwards.h">
      <Filter>jsoncpp</Filter>
    </ClInclude>
    <ClInclude Include="jsoncpp\json\json.h">
      <Filter>jsoncpp</Filter>
    </ClInclude>
    <ClInclude Include="jsoncpp\json\reader.h">
      <Filter>jsoncpp</Filter>
    </ClInclude>
    <ClInclude Include="jsoncpp\json\value.h">
      <Filter>jsoncpp</Filter>
    </ClInclude>
    <ClInclude Include="jsoncpp\json\writer.h">
      <Filter>jsoncpp</Filter>
    </ClInclude>
    <ClInclude Include="config\config_manager.h">
      <Filter>config</Filter>
    </ClInclude>
    <ClInclude Include="config\configuration.h">
      <Filter>config</Filter>
    </ClInclude>
  </ItemGroup>
  <ItemGroup>
    <Filter Include="util">
      <UniqueIdentifier>{8f471e6f-730a-473f-a8e7-f52eba3ec7be}</UniqueIdentifier>
    </Filter>
    <Filter Include="common">
      <UniqueIdentifier>{95e42deb-8208-4bb5-aba9-48e48f865f5e}</UniqueIdentifier>
    </Filter>
    <Filter Include="jsoncpp">
      <UniqueIdentifier>{eb927ed2-31bb-4aee-af9f-ec307d3855e9}</UniqueIdentifier>
    </Filter>
    <Filter Include="config">
      <UniqueIdentifier>{d6d14767-e97d-4199-b07c-f40082187ebb}</UniqueIdentifier>
    </Filter>
  </ItemGroup>
  <ItemGroup>
    <None Include="jsoncpp\lib_json\json_internalarray.inl">
      <Filter>jsoncpp</Filter>
    </None>
    <None Include="jsoncpp\lib_json\json_internalmap.inl">
      <Filter>jsoncpp</Filter>
    </None>
    <None Include="jsoncpp\lib_json\json_valueiterator.inl">
      <Filter>jsoncpp</Filter>
    </None>
  </ItemGroup>
  <ItemGroup>
    <ClCompile Include="jsoncpp\lib_json\json_reader.cpp">
      <Filter>jsoncpp</Filter>
    </ClCompile>
    <ClCompile Include="jsoncpp\lib_json\json_value.cpp">
      <Filter>jsoncpp</Filter>
    </ClCompile>
    <ClCompile Include="jsoncpp\lib_json\json_writer.cpp">
      <Filter>jsoncpp</Filter>
    </ClCompile>
    <ClCompile Include="config\configuration.cpp">
      <Filter>config</Filter>
    </ClCompile>
    <ClCompile Include="config\config_manager.cpp">
      <Filter>config</Filter>
    </ClCompile>
  </ItemGroup>
</Project>