<?xml version="1.0" encoding="utf-8"?>
<Project ToolsVersion="4.0" xmlns="http://schemas.microsoft.com/developer/msbuild/2003">
  <ItemGroup>
    <Filter Include="src">
      <UniqueIdentifier>{c2613b86-f536-4ee1-9e9d-2c34d2894221}</UniqueIdentifier>
    </Filter>
    <Filter Include="src\main">
      <UniqueIdentifier>{5d329071-5196-4893-b60a-143c950f61fe}</UniqueIdentifier>
    </Filter>
  </ItemGroup>
  <ItemGroup>
    <ClInclude Include="stdafx.h">
      <Filter>src\main</Filter>
    </ClInclude>
    <ClInclude Include="targetver.h">
      <Filter>src\main</Filter>
    </ClInclude>
  </ItemGroup>
  <ItemGroup>
    <ClCompile Include="plugin.cpp">
      <Filter>src\main</Filter>
    </ClCompile>
    <ClCompile Include="stdafx.cpp">
      <Filter>src\main</Filter>
    </ClCompile>
  </ItemGroup>
</Project>