<?xml version="1.0" encoding="utf-8"?>
<Project ToolsVersion="4.0" xmlns="http://schemas.microsoft.com/developer/msbuild/2003">
  <ItemGroup>
    <Filter Include="src">
      <UniqueIdentifier>{c2613b86-f536-4ee1-9e9d-2c34d2894221}</UniqueIdentifier>
    </Filter>
    <Filter Include="src\main">
      <UniqueIdentifier>{5d329071-5196-4893-b60a-143c950f61fe}</UniqueIdentifier>
    </Filter>
    <Filter Include="src\cpp11">
      <UniqueIdentifier>{73f3cb73-04d9-4a9f-954e-d1e1396101b7}</UniqueIdentifier>
    </Filter>
    <Filter Include="src\task_scheduler">
      <UniqueIdentifier>{5896f16d-3190-465b-bfe7-3d593c047656}</UniqueIdentifier>
    </Filter>
    <Filter Include="src\timeout_check">
      <UniqueIdentifier>{61c71bf3-1346-492f-9ed2-ccdd31404a9e}</UniqueIdentifier>
    </Filter>
    <Filter Include="src\actor">
      <UniqueIdentifier>{6fc6d9fe-dada-4d4c-a678-c4a1b354fa6f}</UniqueIdentifier>
    </Filter>
    <Filter Include="src\test">
      <UniqueIdentifier>{d3865d1c-5b7b-4010-ac9f-aba3d25e7fc6}</UniqueIdentifier>
    </Filter>
    <Filter Include="src\plugin_gaea">
      <UniqueIdentifier>{4e81f92f-6353-4ec6-8d18-d2c903408ac8}</UniqueIdentifier>
    </Filter>
  </ItemGroup>
  <ItemGroup>
    <ClInclude Include="stdafx.h">
      <Filter>src\main</Filter>
    </ClInclude>
    <ClInclude Include="targetver.h">
      <Filter>src\main</Filter>
    </ClInclude>
    <ClInclude Include="test\test_cpp11.h">
      <Filter>src\test</Filter>
    </ClInclude>
    <ClInclude Include="cpp11\thread1.h">
      <Filter>src\cpp11</Filter>
    </ClInclude>
    <ClInclude Include="cpp11\thread2.h">
      <Filter>src\cpp11</Filter>
    </ClInclude>
    <ClInclude Include="plugin1\igaea_plugin.h">
      <Filter>src\plugin_gaea</Filter>
    </ClInclude>
    <ClInclude Include="plugin1\gaea_plugin_base.h">
      <Filter>src\plugin_gaea</Filter>
    </ClInclude>
    <ClInclude Include="plugin1\gaea_plugin_mgr.h">
      <Filter>src\plugin_gaea</Filter>
    </ClInclude>
    <ClInclude Include="test\test_plugin_gaea.h">
      <Filter>src\test</Filter>
    </ClInclude>
  </ItemGroup>
  <ItemGroup>
    <ClCompile Include="plugin.cpp">
      <Filter>src\main</Filter>
    </ClCompile>
    <ClCompile Include="stdafx.cpp">
      <Filter>src\main</Filter>
    </ClCompile>
    <ClCompile Include="test\test_cpp11.cpp">
      <Filter>src\test</Filter>
    </ClCompile>
    <ClCompile Include="cpp11\thread1.cpp">
      <Filter>src\cpp11</Filter>
    </ClCompile>
    <ClCompile Include="cpp11\thread2.cpp">
      <Filter>src\cpp11</Filter>
    </ClCompile>
    <ClCompile Include="test\test_plugin_gaea.cpp">
      <Filter>src\test</Filter>
    </ClCompile>
  </ItemGroup>
</Project>