<?xml version="1.0" encoding="utf-8"?>
<Project ToolsVersion="4.0" xmlns="http://schemas.microsoft.com/developer/msbuild/2003">
  <ItemGroup>
    <Filter Include="src">
      <UniqueIdentifier>{f965539c-0cc9-443e-be5e-bf32ec00ffcd}</UniqueIdentifier>
    </Filter>
    <Filter Include="res">
      <UniqueIdentifier>{67DA6AB6-F800-4c08-8B7A-83BB121AAD01}</UniqueIdentifier>
      <Extensions>rc;ico;cur;bmp;dlg;rc2;rct;bin;rgs;gif;jpg;jpeg;jpe;resx;tiff;tif;png;wav;mfcribbon-ms</Extensions>
    </Filter>
    <Filter Include="src\main">
      <UniqueIdentifier>{a8613c1c-2c9e-4d90-a12d-5c56a7cdcbca}</UniqueIdentifier>
    </Filter>
    <Filter Include="src\dlg">
      <UniqueIdentifier>{7fa99ed8-2ac1-4409-8f32-02d14c3380cc}</UniqueIdentifier>
    </Filter>
    <Filter Include="src\game">
      <UniqueIdentifier>{f7893104-91f9-4a3c-a46e-c57a749abc7f}</UniqueIdentifier>
    </Filter>
    <Filter Include="src\game\player">
      <UniqueIdentifier>{fe4a4c8c-fd6e-4c38-9ab4-97e77cb3898f}</UniqueIdentifier>
    </Filter>
    <Filter Include="src\game\control">
      <UniqueIdentifier>{1e25cc33-e7f7-4073-94b5-3bb664f82c04}</UniqueIdentifier>
    </Filter>
    <Filter Include="src\publish">
      <UniqueIdentifier>{b1e154f6-27d0-474f-8ed1-b13ae42c2432}</UniqueIdentifier>
    </Filter>
    <Filter Include="src\publish\thread_sync">
      <UniqueIdentifier>{78ef791c-843d-4c41-904d-c66bd24fca37}</UniqueIdentifier>
    </Filter>
  </ItemGroup>
  <ItemGroup>
    <ClInclude Include="CkxlolDlgBuild.h">
      <Filter>src\dlg</Filter>
    </ClInclude>
    <ClInclude Include="kxlolDlg.h">
      <Filter>src\dlg</Filter>
    </ClInclude>
    <ClInclude Include="kxlol.h">
      <Filter>src\main</Filter>
    </ClInclude>
    <ClInclude Include="Resource.h">
      <Filter>src\main</Filter>
    </ClInclude>
    <ClInclude Include="stdafx.h">
      <Filter>src\main</Filter>
    </ClInclude>
    <ClInclude Include="targetver.h">
      <Filter>src\main</Filter>
    </ClInclude>
    <ClInclude Include="PlayerBasicInfo.h">
      <Filter>src\game\player</Filter>
    </ClInclude>
    <ClInclude Include="PlayerObject.h">
      <Filter>src\game\player</Filter>
    </ClInclude>
    <ClInclude Include="PlayerResBag.h">
      <Filter>src\game\player</Filter>
    </ClInclude>
    <ClInclude Include="PlayerResExt.h">
      <Filter>src\game\player</Filter>
    </ClInclude>
    <ClInclude Include="GameControl.h">
      <Filter>src\game\control</Filter>
    </ClInclude>
    <ClInclude Include="..\..\..\pellets\thread_sync\z_t_mutex.hpp">
      <Filter>src\publish\thread_sync</Filter>
    </ClInclude>
    <ClInclude Include="..\..\..\pellets\thread_sync\z_t_semaphore.hpp">
      <Filter>src\publish\thread_sync</Filter>
    </ClInclude>
    <ClInclude Include="..\..\..\pellets\thread_sync\z_t_syncobject.hpp">
      <Filter>src\publish\thread_sync</Filter>
    </ClInclude>
    <ClInclude Include="..\..\..\pellets\thread_sync\z_t_thread_sync_def.h">
      <Filter>src\publish\thread_sync</Filter>
    </ClInclude>
    <ClInclude Include="..\..\..\pellets\thread_sync\thread_sync.h">
      <Filter>src\publish\thread_sync</Filter>
    </ClInclude>
    <ClInclude Include="..\..\..\pellets\thread_sync\z_t_atomic.hpp">
      <Filter>src\publish\thread_sync</Filter>
    </ClInclude>
    <ClInclude Include="..\..\..\pellets\thread_sync\z_t_criticalsection.hpp">
      <Filter>src\publish\thread_sync</Filter>
    </ClInclude>
    <ClInclude Include="..\..\..\pellets\thread_sync\z_t_event.hpp">
      <Filter>src\publish\thread_sync</Filter>
    </ClInclude>
  </ItemGroup>
  <ItemGroup>
    <ClCompile Include="CkxlolDlgBuild.cpp">
      <Filter>src\dlg</Filter>
    </ClCompile>
    <ClCompile Include="kxlolDlg.cpp">
      <Filter>src\dlg</Filter>
    </ClCompile>
    <ClCompile Include="kxlol.cpp">
      <Filter>src\main</Filter>
    </ClCompile>
    <ClCompile Include="stdafx.cpp">
      <Filter>src\main</Filter>
    </ClCompile>
    <ClCompile Include="PlayerBasicInfo.cpp">
      <Filter>src\game\player</Filter>
    </ClCompile>
    <ClCompile Include="PlayerObject.cpp">
      <Filter>src\game\player</Filter>
    </ClCompile>
    <ClCompile Include="PlayerResBag.cpp">
      <Filter>src\game\player</Filter>
    </ClCompile>
    <ClCompile Include="PlayerResExt.cpp">
      <Filter>src\game\player</Filter>
    </ClCompile>
    <ClCompile Include="GameControl.cpp">
      <Filter>src\game\control</Filter>
    </ClCompile>
  </ItemGroup>
  <ItemGroup>
    <ResourceCompile Include="kxlol.rc">
      <Filter>res</Filter>
    </ResourceCompile>
  </ItemGroup>
  <ItemGroup>
    <None Include="res\kxlol.rc2">
      <Filter>res</Filter>
    </None>
  </ItemGroup>
  <ItemGroup>
    <Image Include="res\kxlol.ico">
      <Filter>res</Filter>
    </Image>
  </ItemGroup>
  <ItemGroup>
    <Text Include="ReadMe.txt">
      <Filter>res</Filter>
    </Text>
  </ItemGroup>
</Project>