<?xml version="1.0" encoding="utf-8"?>
<Project ToolsVersion="4.0" xmlns="http://schemas.microsoft.com/developer/msbuild/2003">
  <ItemGroup>
    <Filter Include="main">
      <UniqueIdentifier>{0c9d6061-7f8e-4ebd-b87d-b0133c17b0cb}</UniqueIdentifier>
    </Filter>
    <Filter Include="service">
      <UniqueIdentifier>{3fa2dea5-2aa9-482f-b8a2-1af2e833aa50}</UniqueIdentifier>
    </Filter>
    <Filter Include="service\session">
      <UniqueIdentifier>{84f47489-f451-426c-aa3e-a96cfcc064ff}</UniqueIdentifier>
    </Filter>
  </ItemGroup>
  <ItemGroup>
    <ClCompile Include="iserver.cpp">
      <Filter>main</Filter>
    </ClCompile>
    <ClCompile Include="stdafx.cpp">
      <Filter>main</Filter>
    </ClCompile>
    <ClCompile Include="opcodes_handler.cpp">
      <Filter>service\session</Filter>
    </ClCompile>
    <ClCompile Include="asio_service_deamon.cpp">
      <Filter>service</Filter>
    </ClCompile>
  </ItemGroup>
  <ItemGroup>
    <ClInclude Include="targetver.h">
      <Filter>main</Filter>
    </ClInclude>
    <ClInclude Include="stdafx.h">
      <Filter>main</Filter>
    </ClInclude>
    <ClInclude Include="opcodes_handler.h">
      <Filter>service\session</Filter>
    </ClInclude>
    <ClInclude Include="broiler_session.h">
      <Filter>service\session</Filter>
    </ClInclude>
    <ClInclude Include="session_manager.h">
      <Filter>service\session</Filter>
    </ClInclude>
    <ClInclude Include="io_dispatcher.h">
      <Filter>service</Filter>
    </ClInclude>
    <ClInclude Include="service_deamon.h">
      <Filter>service</Filter>
    </ClInclude>
    <ClInclude Include="asio_service_deamon.h">
      <Filter>service</Filter>
    </ClInclude>
  </ItemGroup>
</Project>