<?xml version="1.0" encoding="utf-8"?>
<Project ToolsVersion="4.0" xmlns="http://schemas.microsoft.com/developer/msbuild/2003">
  <ItemGroup>
    <Filter Include="源文件">
      <UniqueIdentifier>{4FC737F1-C7A5-4376-A066-2A32D752A2FF}</UniqueIdentifier>
      <Extensions>cpp;c;cc;cxx;def;odl;idl;hpj;bat;asm;asmx</Extensions>
    </Filter>
    <Filter Include="头文件">
      <UniqueIdentifier>{93995380-89BD-4b04-88EB-625FBE52EBFB}</UniqueIdentifier>
      <Extensions>h;hh;hpp;hxx;hm;inl;inc;xsd</Extensions>
    </Filter>
    <Filter Include="资源文件">
      <UniqueIdentifier>{67DA6AB6-F800-4c08-8B7A-83BB121AAD01}</UniqueIdentifier>
      <Extensions>rc;ico;cur;bmp;dlg;rc2;rct;bin;rgs;gif;jpg;jpeg;jpe;resx;tiff;tif;png;wav;mfcribbon-ms</Extensions>
    </Filter>
    <Filter Include="Implement">
      <UniqueIdentifier>{4e3e2795-8346-4cf7-9a59-ba984f53ae50}</UniqueIdentifier>
    </Filter>
    <Filter Include="Interface">
      <UniqueIdentifier>{d9bf0e0f-573e-45f8-b5d9-93fa7200e278}</UniqueIdentifier>
    </Filter>
    <Filter Include="Interface\Message">
      <UniqueIdentifier>{7f1c3cf1-92da-4c7a-8196-c757968e2612}</UniqueIdentifier>
    </Filter>
    <Filter Include="Interface\Plugin">
      <UniqueIdentifier>{9b008c92-4266-46d7-b41d-5d2d64c398b7}</UniqueIdentifier>
    </Filter>
    <Filter Include="Implement\ModuleBase">
      <UniqueIdentifier>{928ddf05-3676-4557-bc00-d8ea80e4e130}</UniqueIdentifier>
    </Filter>
    <Filter Include="Implement\ModuleManager">
      <UniqueIdentifier>{cac21c85-9b55-4d45-9430-284225e3b1e0}</UniqueIdentifier>
    </Filter>
  </ItemGroup>
  <ItemGroup>
    <Text Include="ReadMe.txt" />
  </ItemGroup>
  <ItemGroup>
    <ClInclude Include="stdafx.h">
      <Filter>头文件</Filter>
    </ClInclude>
    <ClInclude Include="targetver.h">
      <Filter>头文件</Filter>
    </ClInclude>
    <ClInclude Include="Implement\ModuleBase\ModuleBase.hpp">
      <Filter>Implement\ModuleBase</Filter>
    </ClInclude>
    <ClInclude Include="Implement\ModuleManager\ModuleManager.h">
      <Filter>Implement\ModuleManager</Filter>
    </ClInclude>
    <ClInclude Include="Interfaces\Message\IMessageCenter.h">
      <Filter>Interface\Message</Filter>
    </ClInclude>
    <ClInclude Include="Interfaces\Message\IMessageObserver.h">
      <Filter>Interface\Message</Filter>
    </ClInclude>
    <ClInclude Include="Interfaces\Message\IMessageSender.h">
      <Filter>Interface\Message</Filter>
    </ClInclude>
    <ClInclude Include="Interfaces\Plugin\IPlugin.h">
      <Filter>Interface\Plugin</Filter>
    </ClInclude>
    <ClInclude Include="Interfaces\Plugin\IPluginManager.h">
      <Filter>Interface\Plugin</Filter>
    </ClInclude>
    <ClInclude Include="Interfaces\PubDef.h">
      <Filter>Interface</Filter>
    </ClInclude>
    <ClInclude Include="Implement\PubDef.h">
      <Filter>Implement</Filter>
    </ClInclude>
  </ItemGroup>
  <ItemGroup>
    <ClCompile Include="stdafx.cpp">
      <Filter>源文件</Filter>
    </ClCompile>
    <ClCompile Include="Module.cpp">
      <Filter>源文件</Filter>
    </ClCompile>
    <ClCompile Include="dllmain.cpp">
      <Filter>源文件</Filter>
    </ClCompile>
    <ClCompile Include="Implement\ModuleManager\ModuleManager.cpp">
      <Filter>Implement\ModuleManager</Filter>
    </ClCompile>
  </ItemGroup>
</Project>