<?xml version="1.0" encoding="utf-8"?>
<Project ToolsVersion="4.0" xmlns="http://schemas.microsoft.com/developer/msbuild/2003">
  <ItemGroup>
    <Filter Include="源文件">
      <UniqueIdentifier>{4FC737F1-C7A5-4376-A066-2A32D752A2FF}</UniqueIdentifier>
      <Extensions>cpp;c;cc;cxx;def;odl;idl;hpj;bat;asm;asmx</Extensions>
    </Filter>
    <Filter Include="头文件">
      <UniqueIdentifier>{93995380-89BD-4b04-88EB-625FBE52EBFB}</UniqueIdentifier>
      <Extensions>h;hpp;hxx;hm;inl;inc;xsd</Extensions>
    </Filter>
    <Filter Include="zpublic">
      <UniqueIdentifier>{1304093f-9896-4698-ac80-b79940ca6080}</UniqueIdentifier>
    </Filter>
    <Filter Include="zpublic\algorithm">
      <UniqueIdentifier>{d1966ea9-82da-40c6-9ae0-52b4f5b67ffe}</UniqueIdentifier>
    </Filter>
    <Filter Include="zpublic\container">
      <UniqueIdentifier>{2b35ec2a-1785-4995-8db1-0b66a82aa6a8}</UniqueIdentifier>
    </Filter>
    <Filter Include="zpublic\detail">
      <UniqueIdentifier>{a003c069-7004-42e0-9654-af6570ff58ab}</UniqueIdentifier>
    </Filter>
    <Filter Include="zpublic\memory">
      <UniqueIdentifier>{b1a35c19-98f3-4984-9c56-19353007c06c}</UniqueIdentifier>
    </Filter>
    <Filter Include="zpublic\crypt">
      <UniqueIdentifier>{518b6819-488e-49dc-97d5-1b684094971d}</UniqueIdentifier>
    </Filter>
    <Filter Include="3rdparty">
      <UniqueIdentifier>{e266ea56-9043-4bba-8bb7-ce1ac9d5d470}</UniqueIdentifier>
    </Filter>
    <Filter Include="3rdparty\modp_b64">
      <UniqueIdentifier>{d202c84d-3c73-402f-a6fc-2ab961265e61}</UniqueIdentifier>
    </Filter>
    <Filter Include="zpublic\basic">
      <UniqueIdentifier>{f8356473-42cd-4fd6-ad93-63fb2d0056b1}</UniqueIdentifier>
    </Filter>
    <Filter Include="zpublic\win">
      <UniqueIdentifier>{9e827b9e-be36-403a-844f-146c8d07bab5}</UniqueIdentifier>
    </Filter>
    <Filter Include="zpublic\win\thread">
      <UniqueIdentifier>{08a22743-5961-46d8-8296-2a8ab6353bf1}</UniqueIdentifier>
    </Filter>
    <Filter Include="zpublic\win\ptr">
      <UniqueIdentifier>{05ab0b24-fb44-4582-bded-8999d8674412}</UniqueIdentifier>
    </Filter>
    <Filter Include="zpublic\win\time">
      <UniqueIdentifier>{6487bb4c-c802-4c6f-9c94-b8c5dd058389}</UniqueIdentifier>
    </Filter>
    <Filter Include="zpublic\win\info">
      <UniqueIdentifier>{714743c2-530a-4eba-88d2-386e67148b7c}</UniqueIdentifier>
    </Filter>
    <Filter Include="zpublic\win\encode">
      <UniqueIdentifier>{e514e133-d359-4320-9a61-440b9fe2832a}</UniqueIdentifier>
    </Filter>
    <Filter Include="zpublic\time">
      <UniqueIdentifier>{6ad69542-6931-4e6a-88f7-00003f35f0af}</UniqueIdentifier>
    </Filter>
    <Filter Include="3rdparty\cpptest">
      <UniqueIdentifier>{378bc027-040e-4272-bcc1-4f2e51ad9b73}</UniqueIdentifier>
    </Filter>
    <Filter Include="3rdparty\tinyxml">
      <UniqueIdentifier>{46092b16-bc87-474f-8a71-625bf8d56d0e}</UniqueIdentifier>
    </Filter>
    <Filter Include="3rdparty\cpptest_ext">
      <UniqueIdentifier>{80e707f3-96a2-4d19-a66c-d1fa431c985a}</UniqueIdentifier>
    </Filter>
    <Filter Include="zpublic\win\file">
      <UniqueIdentifier>{557d7ba4-115b-4f0d-8e05-a0463feafdc0}</UniqueIdentifier>
    </Filter>
    <Filter Include="zpublic\application">
      <UniqueIdentifier>{628396a7-fb1c-4ebe-ac1c-23970d223f2b}</UniqueIdentifier>
    </Filter>
    <Filter Include="zpublic\application\log">
      <UniqueIdentifier>{7f0fe680-10f7-4fb1-bbbc-b8b62f0e54fe}</UniqueIdentifier>
    </Filter>
    <Filter Include="3rdparty\xzip">
      <UniqueIdentifier>{bc6214a0-48bf-4c86-a480-c94783780319}</UniqueIdentifier>
    </Filter>
    <Filter Include="zpublic\application\pluginframework">
      <UniqueIdentifier>{65fb52b9-f931-4d88-98cc-87d2d74fb908}</UniqueIdentifier>
    </Filter>
    <Filter Include="zpublic\design">
      <UniqueIdentifier>{f36775e9-4a02-4117-8848-ac3658e58144}</UniqueIdentifier>
    </Filter>
  </ItemGroup>
  <ItemGroup>
    <ClInclude Include="..\..\public\algorithm\algorithm.hpp">
      <Filter>zpublic\algorithm</Filter>
    </ClInclude>
    <ClInclude Include="..\..\public\container\container.hpp">
      <Filter>zpublic\container</Filter>
    </ClInclude>
    <ClInclude Include="..\..\public\container\pair.hpp">
      <Filter>zpublic\container</Filter>
    </ClInclude>
    <ClInclude Include="..\..\public\container\bit.hpp">
      <Filter>zpublic\container</Filter>
    </ClInclude>
    <ClInclude Include="..\..\public\algorithm\stringmatch.hpp">
      <Filter>zpublic\algorithm</Filter>
    </ClInclude>
    <ClInclude Include="..\..\public\detail\increase_policy.hpp">
      <Filter>zpublic\detail</Filter>
    </ClInclude>
    <ClInclude Include="..\..\public\memory\variable_memory.hpp">
      <Filter>zpublic\memory</Filter>
    </ClInclude>
    <ClInclude Include="..\..\public\memory\increase_memory.hpp">
      <Filter>zpublic\memory</Filter>
    </ClInclude>
    <ClInclude Include="..\..\public\memory\allocer.hpp">
      <Filter>zpublic\memory</Filter>
    </ClInclude>
    <ClInclude Include="..\..\public\memory\memory.hpp">
      <Filter>zpublic\memory</Filter>
    </ClInclude>
    <ClInclude Include="..\..\public\detail\detail.hpp">
      <Filter>zpublic\detail</Filter>
    </ClInclude>
    <ClInclude Include="..\..\public\container\array.hpp">
      <Filter>zpublic\container</Filter>
    </ClInclude>
    <ClInclude Include="..\..\public\container\tuple.hpp">
      <Filter>zpublic\container</Filter>
    </ClInclude>
    <ClInclude Include="..\..\public\container\string.hpp">
      <Filter>zpublic\container</Filter>
    </ClInclude>
    <ClInclude Include="..\..\public\crypt\crc.hpp">
      <Filter>zpublic\crypt</Filter>
    </ClInclude>
    <ClInclude Include="..\..\public\crypt\hash.hpp">
      <Filter>zpublic\crypt</Filter>
    </ClInclude>
    <ClInclude Include="..\..\public\crypt\crypt.hpp">
      <Filter>zpublic\crypt</Filter>
    </ClInclude>
    <ClInclude Include="..\..\public\crypt\base64.hpp">
      <Filter>zpublic\crypt</Filter>
    </ClInclude>
    <ClInclude Include="..\..\3rdparty\modp_b64\modp_b64.h">
      <Filter>3rdparty\modp_b64</Filter>
    </ClInclude>
    <ClInclude Include="..\..\3rdparty\modp_b64\modp_b64_data.h">
      <Filter>3rdparty\modp_b64</Filter>
    </ClInclude>
    <ClInclude Include="..\..\public\container\linked_list.hpp">
      <Filter>zpublic\container</Filter>
    </ClInclude>
    <ClInclude Include="..\..\public\basic\assert.hpp">
      <Filter>zpublic\basic</Filter>
    </ClInclude>
    <ClInclude Include="..\..\public\basic\basic.hpp">
      <Filter>zpublic\basic</Filter>
    </ClInclude>
    <ClInclude Include="..\..\public\basic\interface.hpp">
      <Filter>zpublic\basic</Filter>
    </ClInclude>
    <ClInclude Include="..\..\public\basic\nocopyable.hpp">
      <Filter>zpublic\basic</Filter>
    </ClInclude>
    <ClInclude Include="..\..\public\container\mru_map.hpp">
      <Filter>zpublic\container</Filter>
    </ClInclude>
    <ClInclude Include="..\..\public\win\thread\criticalsection.hpp">
      <Filter>zpublic\win\thread</Filter>
    </ClInclude>
    <ClInclude Include="..\..\public\win\thread\event.hpp">
      <Filter>zpublic\win\thread</Filter>
    </ClInclude>
    <ClInclude Include="..\..\public\win\thread\mutex.hpp">
      <Filter>zpublic\win\thread</Filter>
    </ClInclude>
    <ClInclude Include="..\..\public\win\thread\semaphore.hpp">
      <Filter>zpublic\win\thread</Filter>
    </ClInclude>
    <ClInclude Include="..\..\public\win\thread\syncobject.hpp">
      <Filter>zpublic\win\thread</Filter>
    </ClInclude>
    <ClInclude Include="..\..\public\win\thread\thread.hpp">
      <Filter>zpublic\win\thread</Filter>
    </ClInclude>
    <ClInclude Include="..\..\public\win\ptr\ref_counted.hpp">
      <Filter>zpublic\win\ptr</Filter>
    </ClInclude>
    <ClInclude Include="..\..\public\win\ptr\ptr.hpp">
      <Filter>zpublic\win\ptr</Filter>
    </ClInclude>
    <ClInclude Include="..\..\public\container\vector.hpp">
      <Filter>zpublic\container</Filter>
    </ClInclude>
    <ClInclude Include="..\..\public\win\time\time.hpp">
      <Filter>zpublic\win\time</Filter>
    </ClInclude>
    <ClInclude Include="..\..\public\win\time\time_format.hpp">
      <Filter>zpublic\win\time</Filter>
    </ClInclude>
    <ClInclude Include="..\..\public\win\time\file_time.hpp">
      <Filter>zpublic\win\time</Filter>
    </ClInclude>
    <ClInclude Include="..\..\public\win\time\time_ini.hpp">
      <Filter>zpublic\win\time</Filter>
    </ClInclude>
    <ClInclude Include="..\..\public\win\time\time_interval.hpp">
      <Filter>zpublic\win\time</Filter>
    </ClInclude>
    <ClInclude Include="..\..\public\win\info\info.hpp">
      <Filter>zpublic\win\info</Filter>
    </ClInclude>
    <ClInclude Include="..\..\public\win\info\guid.hpp">
      <Filter>zpublic\win\info</Filter>
    </ClInclude>
    <ClInclude Include="..\..\public\win\encode\encode.hpp">
      <Filter>zpublic\win\encode</Filter>
    </ClInclude>
    <ClInclude Include="..\..\public\win\encode\string_encode.hpp">
      <Filter>zpublic\win\encode</Filter>
    </ClInclude>
    <ClInclude Include="..\..\public\container\hashtable.hpp">
      <Filter>zpublic\container</Filter>
    </ClInclude>
    <ClInclude Include="..\..\public\basic\singleton.hpp">
      <Filter>zpublic\basic</Filter>
    </ClInclude>
    <ClInclude Include="..\..\public\time\time.hpp">
      <Filter>zpublic\time</Filter>
    </ClInclude>
    <ClInclude Include="..\..\public\time\timer.hpp">
      <Filter>zpublic\time</Filter>
    </ClInclude>
    <ClInclude Include="..\..\public\basic\scoped_ptr.hpp">
      <Filter>zpublic\basic</Filter>
    </ClInclude>
    <ClInclude Include="..\..\public\basic\scoped_arr.hpp">
      <Filter>zpublic\basic</Filter>
    </ClInclude>
    <ClInclude Include="..\..\public\container\heap.hpp">
      <Filter>zpublic\container</Filter>
    </ClInclude>
    <ClInclude Include="..\..\3rdparty\cpptest-1.1.2\src\cpptest.h">
      <Filter>3rdparty\cpptest</Filter>
    </ClInclude>
    <ClInclude Include="..\..\3rdparty\cpptest-1.1.2\src\cpptest-assert.h">
      <Filter>3rdparty\cpptest</Filter>
    </ClInclude>
    <ClInclude Include="..\..\3rdparty\tinyxml-2.6.2\tinyxml.h">
      <Filter>3rdparty\tinyxml</Filter>
    </ClInclude>
    <ClInclude Include="..\..\3rdparty\cpptest_ext\src\cpptest.h">
      <Filter>3rdparty\cpptest_ext</Filter>
    </ClInclude>
    <ClInclude Include="..\..\3rdparty\cpptest_ext\src\cpptest-assert.h">
      <Filter>3rdparty\cpptest_ext</Filter>
    </ClInclude>
    <ClInclude Include="TestSample.h">
      <Filter>头文件</Filter>
    </ClInclude>
    <ClInclude Include="..\..\public\zpublic.hpp">
      <Filter>zpublic</Filter>
    </ClInclude>
    <ClInclude Include="TestBasic.h">
      <Filter>头文件</Filter>
    </ClInclude>
    <ClInclude Include="def.h" />
    <ClInclude Include="..\..\public\win\file\file.hpp">
      <Filter>zpublic\win\file</Filter>
    </ClInclude>
    <ClInclude Include="..\..\public\win\file\ifile_oper.h">
      <Filter>zpublic\win\file</Filter>
    </ClInclude>
    <ClInclude Include="..\..\public\win\file\file_normal.hpp">
      <Filter>zpublic\win\file</Filter>
    </ClInclude>
    <ClInclude Include="TestFile.h">
      <Filter>头文件</Filter>
    </ClInclude>
    <ClInclude Include="..\..\public\algorithm\indextree.h">
      <Filter>zpublic\algorithm</Filter>
    </ClInclude>
    <ClInclude Include="TestCrypt.h">
      <Filter>头文件</Filter>
    </ClInclude>
    <ClInclude Include="..\..\public\application\log\log.hpp">
      <Filter>zpublic\application\log</Filter>
    </ClInclude>
    <ClInclude Include="..\..\public\application\application.hpp">
      <Filter>zpublic\application</Filter>
    </ClInclude>
    <ClInclude Include="..\..\public\application\log\log_file.hpp">
      <Filter>zpublic\application\log</Filter>
    </ClInclude>
    <ClInclude Include="..\..\public\application\log\log_queue.hpp">
      <Filter>zpublic\application\log</Filter>
    </ClInclude>
    <ClInclude Include="..\..\public\application\log\log_macro.hpp">
      <Filter>zpublic\application\log</Filter>
    </ClInclude>
    <ClInclude Include="..\..\3rdparty\xzip\XUnzip.h">
      <Filter>3rdparty\xzip</Filter>
    </ClInclude>
    <ClInclude Include="..\..\3rdparty\xzip\XZip.h">
      <Filter>3rdparty\xzip</Filter>
    </ClInclude>
    <ClInclude Include="..\..\public\win\file\pack.hpp">
      <Filter>zpublic\win\file</Filter>
    </ClInclude>
    <ClInclude Include="..\..\public\win\file\pack_zip.hpp">
      <Filter>zpublic\win\file</Filter>
    </ClInclude>
    <ClInclude Include="..\..\public\application\pluginframework\pluginframework.h">
      <Filter>zpublic\application\pluginframework</Filter>
    </ClInclude>
    <ClInclude Include="..\..\public\application\pluginframework\pluginmanager.h">
      <Filter>zpublic\application\pluginframework</Filter>
    </ClInclude>
    <ClInclude Include="..\..\public\application\pluginframework\pluginbase.h">
      <Filter>zpublic\application\pluginframework</Filter>
    </ClInclude>
    <ClInclude Include="..\..\public\application\pluginframework\pluginlist.h">
      <Filter>zpublic\application\pluginframework</Filter>
    </ClInclude>
    <ClInclude Include="..\..\public\design\factory.h">
      <Filter>zpublic\design</Filter>
    </ClInclude>
    <ClInclude Include="..\..\public\design\strategy.h">
      <Filter>zpublic\design</Filter>
    </ClInclude>
    <ClInclude Include="..\..\public\design\design_def.h">
      <Filter>zpublic\design</Filter>
    </ClInclude>
  </ItemGroup>
  <ItemGroup>
    <ClCompile Include="..\..\3rdparty\modp_b64\modp_b64.cc">
      <Filter>3rdparty\modp_b64</Filter>
    </ClCompile>
    <ClCompile Include="..\..\3rdparty\tinyxml-2.6.2\tinyxml.cpp">
      <Filter>3rdparty\tinyxml</Filter>
    </ClCompile>
    <ClCompile Include="..\..\3rdparty\tinyxml-2.6.2\tinyxmlerror.cpp">
      <Filter>3rdparty\tinyxml</Filter>
    </ClCompile>
    <ClCompile Include="..\..\3rdparty\tinyxml-2.6.2\tinyxmlparser.cpp">
      <Filter>3rdparty\tinyxml</Filter>
    </ClCompile>
    <ClCompile Include="TestSample.cpp">
      <Filter>源文件</Filter>
    </ClCompile>
    <ClCompile Include="TestBasic.cpp">
      <Filter>源文件</Filter>
    </ClCompile>
    <ClCompile Include="main.cpp" />
    <ClCompile Include="TestFile.cpp">
      <Filter>源文件</Filter>
    </ClCompile>
    <ClCompile Include="..\..\public\algorithm\indextree.cpp">
      <Filter>zpublic\algorithm</Filter>
    </ClCompile>
    <ClCompile Include="TestCrypt.cpp">
      <Filter>源文件</Filter>
    </ClCompile>
    <ClCompile Include="..\..\3rdparty\xzip\XUnzip.cpp">
      <Filter>3rdparty\xzip</Filter>
    </ClCompile>
    <ClCompile Include="..\..\3rdparty\xzip\XZip.cpp">
      <Filter>3rdparty\xzip</Filter>
    </ClCompile>
    <ClCompile Include="..\..\public\application\pluginframework\pluginmanager.cpp">
      <Filter>zpublic\application\pluginframework</Filter>
    </ClCompile>
    <ClCompile Include="..\..\public\application\pluginframework\pluginbase.cpp">
      <Filter>zpublic\application\pluginframework</Filter>
    </ClCompile>
    <ClCompile Include="..\..\public\application\pluginframework\pluginlist.cpp">
      <Filter>zpublic\application\pluginframework</Filter>
    </ClCompile>
    <ClCompile Include="..\..\public\design\factory.cpp">
      <Filter>zpublic\design</Filter>
    </ClCompile>
    <ClCompile Include="..\..\public\design\strategy.cpp">
      <Filter>zpublic\design</Filter>
    </ClCompile>
  </ItemGroup>
</Project>