<?xml version="1.0" encoding="utf-8"?>
<Project ToolsVersion="4.0" xmlns="http://schemas.microsoft.com/developer/msbuild/2003">
  <ItemGroup>
    <Filter Include="include">
      <UniqueIdentifier>{b19e5574-e2ae-4e3d-a0fd-4c20b796dfbb}</UniqueIdentifier>
    </Filter>
    <Filter Include="include\wtl">
      <UniqueIdentifier>{926bf78e-1938-4ba8-a56d-c72143abeb18}</UniqueIdentifier>
    </Filter>
    <Filter Include="gui">
      <UniqueIdentifier>{7b823a45-4778-4626-a167-c4f9e48fd4d6}</UniqueIdentifier>
    </Filter>
    <Filter Include="main">
      <UniqueIdentifier>{2f632200-f364-4d5a-b10b-83cc1dac3d06}</UniqueIdentifier>
    </Filter>
    <Filter Include="res">
      <UniqueIdentifier>{a349d63d-c2fb-4163-947e-fa082b1f0936}</UniqueIdentifier>
    </Filter>
    <Filter Include="net">
      <UniqueIdentifier>{da8dc1c0-69ab-4ae9-9900-33223649fdbe}</UniqueIdentifier>
    </Filter>
    <Filter Include="include\gif">
      <UniqueIdentifier>{33533d9a-cb41-4311-ad03-b3c20d8a1ae4}</UniqueIdentifier>
    </Filter>
    <Filter Include="logic">
      <UniqueIdentifier>{71b9b3db-0098-46bd-900e-9dad7bd6a1ee}</UniqueIdentifier>
    </Filter>
    <Filter Include="logic\login">
      <UniqueIdentifier>{b57bc68c-e43a-4848-bfe8-f3993466493c}</UniqueIdentifier>
    </Filter>
    <Filter Include="gui\sub_world">
      <UniqueIdentifier>{26ed382c-9d94-4cdd-b561-53f97bdf571c}</UniqueIdentifier>
    </Filter>
    <Filter Include="logic\game_object">
      <UniqueIdentifier>{5e92af43-24a7-4617-9eb8-81049493f5b3}</UniqueIdentifier>
    </Filter>
    <Filter Include="logic\game_object\board">
      <UniqueIdentifier>{b8789383-c08f-4d13-8b38-ae51f2db5cd4}</UniqueIdentifier>
    </Filter>
    <Filter Include="logic\game">
      <UniqueIdentifier>{53110154-f482-49b4-9f31-435ba2fe9978}</UniqueIdentifier>
    </Filter>
    <Filter Include="logic\game_object\player">
      <UniqueIdentifier>{b85c557f-c0c8-4b32-8841-4b4a77900f09}</UniqueIdentifier>
    </Filter>
    <Filter Include="logic\game_object\player\fg">
      <UniqueIdentifier>{edcf1a17-46f0-4d95-b3bf-82ebfb25be91}</UniqueIdentifier>
    </Filter>
    <Filter Include="logic\game_object\rule">
      <UniqueIdentifier>{aedd1daf-e9e1-4e54-bc92-e1869febe080}</UniqueIdentifier>
    </Filter>
  </ItemGroup>
  <ItemGroup>
    <ClCompile Include="circe_client.cpp">
      <Filter>main</Filter>
    </ClCompile>
    <ClCompile Include="stdafx.cpp">
      <Filter>main</Filter>
    </ClCompile>
    <ClCompile Include="..\..\..\zlui\lab\3rd\PictureExWnd.cpp">
      <Filter>include\gif</Filter>
    </ClCompile>
    <ClCompile Include="client_net.cpp">
      <Filter>net</Filter>
    </ClCompile>
    <ClCompile Include="network_handler.cpp">
      <Filter>net</Filter>
    </ClCompile>
    <ClCompile Include="network_mgr.cpp">
      <Filter>net</Filter>
    </ClCompile>
    <ClCompile Include="game_handler.cpp">
      <Filter>logic</Filter>
    </ClCompile>
    <ClCompile Include="opcodes_handler.cpp">
      <Filter>logic</Filter>
    </ClCompile>
    <ClCompile Include="login_handler.cpp">
      <Filter>logic\login</Filter>
    </ClCompile>
    <ClCompile Include="register_handler.cpp">
      <Filter>logic\login</Filter>
    </ClCompile>
    <ClCompile Include="RegDlg.cpp">
      <Filter>gui</Filter>
    </ClCompile>
    <ClCompile Include="..\..\..\public\crypt\KMD5.cpp">
      <Filter>include</Filter>
    </ClCompile>
    <ClCompile Include="utils.cpp">
      <Filter>main</Filter>
    </ClCompile>
    <ClCompile Include="LoginDlg.cpp">
      <Filter>gui</Filter>
    </ClCompile>
    <ClCompile Include="WorldDlg.cpp">
      <Filter>gui</Filter>
    </ClCompile>
    <ClCompile Include="World1Dlg.cpp">
      <Filter>gui\sub_world</Filter>
    </ClCompile>
    <ClCompile Include="World2Dlg.cpp">
      <Filter>gui\sub_world</Filter>
    </ClCompile>
    <ClCompile Include="config.cpp">
      <Filter>main</Filter>
    </ClCompile>
    <ClCompile Include="game_object\board\fg_board.cpp">
      <Filter>logic\game_object\board</Filter>
    </ClCompile>
    <ClCompile Include="game_object\player\fg\fg_player.cpp">
      <Filter>logic\game_object\player\fg</Filter>
    </ClCompile>
    <ClCompile Include="game_object\player\player.cpp">
      <Filter>logic\game_object\player</Filter>
    </ClCompile>
    <ClCompile Include="game\fg_game.cpp">
      <Filter>logic\game</Filter>
    </ClCompile>
  </ItemGroup>
  <ItemGroup>
    <ClInclude Include="..\..\..\3rdparty\wtl\Include\atlapp.h">
      <Filter>include\wtl</Filter>
    </ClInclude>
    <ClInclude Include="..\..\..\3rdparty\wtl\Include\atlcrack.h">
      <Filter>include\wtl</Filter>
    </ClInclude>
    <ClInclude Include="..\..\..\3rdparty\wtl\Include\atlctrls.h">
      <Filter>include\wtl</Filter>
    </ClInclude>
    <ClInclude Include="..\..\..\3rdparty\wtl\Include\atlctrlw.h">
      <Filter>include\wtl</Filter>
    </ClInclude>
    <ClInclude Include="..\..\..\3rdparty\wtl\Include\atlctrlx.h">
      <Filter>include\wtl</Filter>
    </ClInclude>
    <ClInclude Include="..\..\..\3rdparty\wtl\Include\atlddx.h">
      <Filter>include\wtl</Filter>
    </ClInclude>
    <ClInclude Include="..\..\..\3rdparty\wtl\Include\atldlgs.h">
      <Filter>include\wtl</Filter>
    </ClInclude>
    <ClInclude Include="..\..\..\3rdparty\wtl\Include\atldwm.h">
      <Filter>include\wtl</Filter>
    </ClInclude>
    <ClInclude Include="..\..\..\3rdparty\wtl\Include\atlfind.h">
      <Filter>include\wtl</Filter>
    </ClInclude>
    <ClInclude Include="..\..\..\3rdparty\wtl\Include\atlframe.h">
      <Filter>include\wtl</Filter>
    </ClInclude>
    <ClInclude Include="..\..\..\3rdparty\wtl\Include\atlgdi.h">
      <Filter>include\wtl</Filter>
    </ClInclude>
    <ClInclude Include="..\..\..\3rdparty\wtl\Include\atlmisc.h">
      <Filter>include\wtl</Filter>
    </ClInclude>
    <ClInclude Include="..\..\..\3rdparty\wtl\Include\atlprint.h">
      <Filter>include\wtl</Filter>
    </ClInclude>
    <ClInclude Include="..\..\..\3rdparty\wtl\Include\atlres.h">
      <Filter>include\wtl</Filter>
    </ClInclude>
    <ClInclude Include="..\..\..\3rdparty\wtl\Include\atlresce.h">
      <Filter>include\wtl</Filter>
    </ClInclude>
    <ClInclude Include="..\..\..\3rdparty\wtl\Include\atlribbon.h">
      <Filter>include\wtl</Filter>
    </ClInclude>
    <ClInclude Include="..\..\..\3rdparty\wtl\Include\atlscrl.h">
      <Filter>include\wtl</Filter>
    </ClInclude>
    <ClInclude Include="..\..\..\3rdparty\wtl\Include\atlsplit.h">
      <Filter>include\wtl</Filter>
    </ClInclude>
    <ClInclude Include="..\..\..\3rdparty\wtl\Include\atltheme.h">
      <Filter>include\wtl</Filter>
    </ClInclude>
    <ClInclude Include="..\..\..\3rdparty\wtl\Include\atluser.h">
      <Filter>include\wtl</Filter>
    </ClInclude>
    <ClInclude Include="..\..\..\3rdparty\wtl\Include\atlwince.h">
      <Filter>include\wtl</Filter>
    </ClInclude>
    <ClInclude Include="..\..\..\3rdparty\wtl\Include\atlwinx.h">
      <Filter>include\wtl</Filter>
    </ClInclude>
    <ClInclude Include="resource.h">
      <Filter>main</Filter>
    </ClInclude>
    <ClInclude Include="stdafx.h">
      <Filter>main</Filter>
    </ClInclude>
    <ClInclude Include="..\..\..\zlui\lab\3rd\PictureExWnd.h">
      <Filter>include\gif</Filter>
    </ClInclude>
    <ClInclude Include="client_net.h">
      <Filter>net</Filter>
    </ClInclude>
    <ClInclude Include="network_handler.h">
      <Filter>net</Filter>
    </ClInclude>
    <ClInclude Include="network_mgr.h">
      <Filter>net</Filter>
    </ClInclude>
    <ClInclude Include="game_handler.h">
      <Filter>logic</Filter>
    </ClInclude>
    <ClInclude Include="opcodes_handler.h">
      <Filter>logic</Filter>
    </ClInclude>
    <ClInclude Include="login_handler.h">
      <Filter>logic\login</Filter>
    </ClInclude>
    <ClInclude Include="msg_def.h">
      <Filter>main</Filter>
    </ClInclude>
    <ClInclude Include="register_handler.h">
      <Filter>logic\login</Filter>
    </ClInclude>
    <ClInclude Include="RegDlg.h">
      <Filter>gui</Filter>
    </ClInclude>
    <ClInclude Include="..\..\..\public\crypt\KMD5.h">
      <Filter>include</Filter>
    </ClInclude>
    <ClInclude Include="utils.h">
      <Filter>main</Filter>
    </ClInclude>
    <ClInclude Include="LoginDlg.h">
      <Filter>gui</Filter>
    </ClInclude>
    <ClInclude Include="WorldDlg.h">
      <Filter>gui</Filter>
    </ClInclude>
    <ClInclude Include="World1Dlg.h">
      <Filter>gui\sub_world</Filter>
    </ClInclude>
    <ClInclude Include="World2Dlg.h">
      <Filter>gui\sub_world</Filter>
    </ClInclude>
    <ClInclude Include="config.h">
      <Filter>main</Filter>
    </ClInclude>
    <ClInclude Include="game_object\board\fg_board.h">
      <Filter>logic\game_object\board</Filter>
    </ClInclude>
    <ClInclude Include="game_object\board\fg_board_def.h">
      <Filter>logic\game_object\board</Filter>
    </ClInclude>
    <ClInclude Include="game_object\board\fg_iboard.h">
      <Filter>logic\game_object\board</Filter>
    </ClInclude>
    <ClInclude Include="game_object\player\fg\fg_player.h">
      <Filter>logic\game_object\player\fg</Filter>
    </ClInclude>
    <ClInclude Include="game_object\player\player.h">
      <Filter>logic\game_object\player</Filter>
    </ClInclude>
    <ClInclude Include="game_object\rule\fg_rule_board.h">
      <Filter>logic\game_object\rule</Filter>
    </ClInclude>
    <ClInclude Include="game_object\rule\irule_board.h">
      <Filter>logic\game_object\rule</Filter>
    </ClInclude>
    <ClInclude Include="game\fg_game.h">
      <Filter>logic\game</Filter>
    </ClInclude>
    <ClInclude Include="game\fg_game_def.h">
      <Filter>logic\game</Filter>
    </ClInclude>
  </ItemGroup>
  <ItemGroup>
    <Image Include="res\circe_client.ico">
      <Filter>res</Filter>
    </Image>
    <Image Include="res\1.gif">
      <Filter>res</Filter>
    </Image>
    <Image Include="..\..\..\res\circe\1.bmp">
      <Filter>res</Filter>
    </Image>
    <Image Include="..\..\..\res\circe\2.bmp">
      <Filter>res</Filter>
    </Image>
    <Image Include="..\..\..\res\circe\3.bmp">
      <Filter>res</Filter>
    </Image>
  </ItemGroup>
  <ItemGroup>
    <ResourceCompile Include="circe_client.rc">
      <Filter>res</Filter>
    </ResourceCompile>
  </ItemGroup>
</Project>