<?xml version="1.0" encoding="utf-8"?>
<Project ToolsVersion="4.0" xmlns="http://schemas.microsoft.com/developer/msbuild/2003">
  <ItemGroup>
    <Filter Include="src">
      <UniqueIdentifier>{fb9853e9-bb0a-45e1-8bf6-28fcb793f7fb}</UniqueIdentifier>
    </Filter>
    <Filter Include="src\standard">
      <UniqueIdentifier>{b142c095-ba23-478b-aae4-0823c84f61f4}</UniqueIdentifier>
    </Filter>
    <Filter Include="src\boost">
      <UniqueIdentifier>{58fa3c94-f8cd-4149-8ab8-531777ab6cd7}</UniqueIdentifier>
    </Filter>
    <Filter Include="src\boost\String and text processing">
      <UniqueIdentifier>{991ae735-d086-4f10-a30f-e7f0530f70e1}</UniqueIdentifier>
    </Filter>
    <Filter Include="src\boost\Containers">
      <UniqueIdentifier>{2869bed5-b104-4e95-8996-1c71e1b3c5d1}</UniqueIdentifier>
    </Filter>
    <Filter Include="src\boost\Algorithms">
      <UniqueIdentifier>{f98ea1ab-6424-4626-8321-db07ad4b1e4d}</UniqueIdentifier>
    </Filter>
    <Filter Include="src\boost\Miscellaneous">
      <UniqueIdentifier>{8ae01776-3993-43ab-a226-a272307278e4}</UniqueIdentifier>
    </Filter>
    <Filter Include="src\protobuf">
      <UniqueIdentifier>{ce990ada-7144-4c14-93b8-31264e80d00f}</UniqueIdentifier>
    </Filter>
    <Filter Include="src\protobuf\proto">
      <UniqueIdentifier>{7bbd6010-c314-409f-a383-5766526f51f6}</UniqueIdentifier>
    </Filter>
    <Filter Include="src\libcurl">
      <UniqueIdentifier>{9286bb95-bc12-46cf-98c6-c5061611af6c}</UniqueIdentifier>
    </Filter>
    <Filter Include="src\lua">
      <UniqueIdentifier>{188cf481-d12f-4ed2-81b4-479bd7a43244}</UniqueIdentifier>
    </Filter>
    <Filter Include="src\lua\luasrc">
      <UniqueIdentifier>{a83db19f-d5b1-4311-ac28-b127ab4324be}</UniqueIdentifier>
    </Filter>
    <Filter Include="src\standard\stream">
      <UniqueIdentifier>{9bf2c46f-ec93-47d3-9752-2c0f8a1f011c}</UniqueIdentifier>
    </Filter>
    <Filter Include="src\standard\c++11">
      <UniqueIdentifier>{d1abb95d-6ef8-48bc-9e37-9a2bdf31e758}</UniqueIdentifier>
    </Filter>
    <Filter Include="src\standard\c++98|03">
      <UniqueIdentifier>{c67ec3d8-73a3-4ba5-9f99-5e57517a9b9b}</UniqueIdentifier>
    </Filter>
    <Filter Include="src\ltest">
      <UniqueIdentifier>{d7e7bc5f-c2f7-49e7-b9d6-199be5a5951c}</UniqueIdentifier>
    </Filter>
    <Filter Include="include">
      <UniqueIdentifier>{91760d8d-7d67-4193-93a2-75772d4ef713}</UniqueIdentifier>
    </Filter>
    <Filter Include="include\unittest">
      <UniqueIdentifier>{e466d68a-8f8b-4653-bce5-f6ac0d7bb18e}</UniqueIdentifier>
    </Filter>
    <Filter Include="include\unittest\cipra">
      <UniqueIdentifier>{a7e467fa-c11a-48d1-966d-36df23aa0bfe}</UniqueIdentifier>
    </Filter>
    <Filter Include="include\unittest\ltest">
      <UniqueIdentifier>{3bcd22be-117b-498f-96fa-33f4bb4eedee}</UniqueIdentifier>
    </Filter>
    <Filter Include="src\unittest">
      <UniqueIdentifier>{7e4932a2-28e8-4928-85a8-d8484a536cac}</UniqueIdentifier>
    </Filter>
    <Filter Include="include\unittest\tut">
      <UniqueIdentifier>{492ea6b8-1372-45ae-86e0-8bde294074d8}</UniqueIdentifier>
    </Filter>
    <Filter Include="include\xde">
      <UniqueIdentifier>{329d531e-6b57-4ff2-83da-8a15a92bb2b5}</UniqueIdentifier>
    </Filter>
    <Filter Include="src\xde">
      <UniqueIdentifier>{6d48cdfd-b8a9-4115-9092-18fb4e51d53b}</UniqueIdentifier>
    </Filter>
  </ItemGroup>
  <ItemGroup>
    <Text Include="ReadMe.txt" />
  </ItemGroup>
  <ItemGroup>
    <ClInclude Include="stdafx.h">
      <Filter>src</Filter>
    </ClInclude>
    <ClInclude Include="targetver.h">
      <Filter>src</Filter>
    </ClInclude>
    <ClInclude Include="test_conversion.h">
      <Filter>src\boost\String and text processing</Filter>
    </ClInclude>
    <ClInclude Include="test_format.h">
      <Filter>src\boost\String and text processing</Filter>
    </ClInclude>
    <ClInclude Include="test_string_aogo.h">
      <Filter>src\boost\String and text processing</Filter>
    </ClInclude>
    <ClInclude Include="test_tokenizer.h">
      <Filter>src\boost\String and text processing</Filter>
    </ClInclude>
    <ClInclude Include="test_bimap.h">
      <Filter>src\boost\Containers</Filter>
    </ClInclude>
    <ClInclude Include="test_circular_buffer.h">
      <Filter>src\boost\Containers</Filter>
    </ClInclude>
    <ClInclude Include="test_dynamic_bitset.h">
      <Filter>src\boost\Containers</Filter>
    </ClInclude>
    <ClInclude Include="test_property_tree.h">
      <Filter>src\boost\Containers</Filter>
    </ClInclude>
    <ClInclude Include="test_variant.h">
      <Filter>src\boost\Containers</Filter>
    </ClInclude>
    <ClInclude Include="test_searching_algorithms.h">
      <Filter>src\boost\Algorithms</Filter>
    </ClInclude>
    <ClInclude Include="test_clamp.h">
      <Filter>src\boost\Algorithms</Filter>
    </ClInclude>
    <ClInclude Include="test_hex.h">
      <Filter>src\boost\Algorithms</Filter>
    </ClInclude>
    <ClInclude Include="test_minmax.h">
      <Filter>src\boost\Algorithms</Filter>
    </ClInclude>
    <ClInclude Include="test_numeric_conversion.h">
      <Filter>src\boost\Miscellaneous</Filter>
    </ClInclude>
    <ClInclude Include="test_optional.h">
      <Filter>src\boost\Miscellaneous</Filter>
    </ClInclude>
    <ClInclude Include="test_tribool.h">
      <Filter>src\boost\Miscellaneous</Filter>
    </ClInclude>
    <ClInclude Include="test_program_options.h">
      <Filter>src\boost\Miscellaneous</Filter>
    </ClInclude>
    <ClInclude Include="test_protobuf.h">
      <Filter>src\protobuf</Filter>
    </ClInclude>
    <ClInclude Include="test_proto.pb.h">
      <Filter>src\protobuf\proto</Filter>
    </ClInclude>
    <ClInclude Include="test_libcurl.h">
      <Filter>src\libcurl</Filter>
    </ClInclude>
    <ClInclude Include="zl_crul_file.h">
      <Filter>src\libcurl</Filter>
    </ClInclude>
    <ClInclude Include="zl_crul_http.h">
      <Filter>src\libcurl</Filter>
    </ClInclude>
    <ClInclude Include="..\..\3rdparty\luasrc\lapi.h">
      <Filter>src\lua\luasrc</Filter>
    </ClInclude>
    <ClInclude Include="..\..\3rdparty\luasrc\lauxlib.h">
      <Filter>src\lua\luasrc</Filter>
    </ClInclude>
    <ClInclude Include="..\..\3rdparty\luasrc\lcode.h">
      <Filter>src\lua\luasrc</Filter>
    </ClInclude>
    <ClInclude Include="..\..\3rdparty\luasrc\lctype.h">
      <Filter>src\lua\luasrc</Filter>
    </ClInclude>
    <ClInclude Include="..\..\3rdparty\luasrc\ldebug.h">
      <Filter>src\lua\luasrc</Filter>
    </ClInclude>
    <ClInclude Include="..\..\3rdparty\luasrc\ldo.h">
      <Filter>src\lua\luasrc</Filter>
    </ClInclude>
    <ClInclude Include="..\..\3rdparty\luasrc\lfunc.h">
      <Filter>src\lua\luasrc</Filter>
    </ClInclude>
    <ClInclude Include="..\..\3rdparty\luasrc\lgc.h">
      <Filter>src\lua\luasrc</Filter>
    </ClInclude>
    <ClInclude Include="..\..\3rdparty\luasrc\llex.h">
      <Filter>src\lua\luasrc</Filter>
    </ClInclude>
    <ClInclude Include="..\..\3rdparty\luasrc\llimits.h">
      <Filter>src\lua\luasrc</Filter>
    </ClInclude>
    <ClInclude Include="..\..\3rdparty\luasrc\lmem.h">
      <Filter>src\lua\luasrc</Filter>
    </ClInclude>
    <ClInclude Include="..\..\3rdparty\luasrc\lobject.h">
      <Filter>src\lua\luasrc</Filter>
    </ClInclude>
    <ClInclude Include="..\..\3rdparty\luasrc\lopcodes.h">
      <Filter>src\lua\luasrc</Filter>
    </ClInclude>
    <ClInclude Include="..\..\3rdparty\luasrc\lparser.h">
      <Filter>src\lua\luasrc</Filter>
    </ClInclude>
    <ClInclude Include="..\..\3rdparty\luasrc\lstate.h">
      <Filter>src\lua\luasrc</Filter>
    </ClInclude>
    <ClInclude Include="..\..\3rdparty\luasrc\lstring.h">
      <Filter>src\lua\luasrc</Filter>
    </ClInclude>
    <ClInclude Include="..\..\3rdparty\luasrc\ltable.h">
      <Filter>src\lua\luasrc</Filter>
    </ClInclude>
    <ClInclude Include="..\..\3rdparty\luasrc\ltm.h">
      <Filter>src\lua\luasrc</Filter>
    </ClInclude>
    <ClInclude Include="..\..\3rdparty\luasrc\lua.h">
      <Filter>src\lua\luasrc</Filter>
    </ClInclude>
    <ClInclude Include="..\..\3rdparty\luasrc\lua.hpp">
      <Filter>src\lua\luasrc</Filter>
    </ClInclude>
    <ClInclude Include="..\..\3rdparty\luasrc\luaconf.h">
      <Filter>src\lua\luasrc</Filter>
    </ClInclude>
    <ClInclude Include="..\..\3rdparty\luasrc\lualib.h">
      <Filter>src\lua\luasrc</Filter>
    </ClInclude>
    <ClInclude Include="..\..\3rdparty\luasrc\lundump.h">
      <Filter>src\lua\luasrc</Filter>
    </ClInclude>
    <ClInclude Include="..\..\3rdparty\luasrc\lvm.h">
      <Filter>src\lua\luasrc</Filter>
    </ClInclude>
    <ClInclude Include="..\..\3rdparty\luasrc\lzio.h">
      <Filter>src\lua\luasrc</Filter>
    </ClInclude>
    <ClInclude Include="test_lua.h">
      <Filter>src\lua</Filter>
    </ClInclude>
    <ClInclude Include="test_array.h">
      <Filter>src\standard\c++11</Filter>
    </ClInclude>
    <ClInclude Include="test_atomic.h">
      <Filter>src\standard\c++11</Filter>
    </ClInclude>
    <ClInclude Include="test_chrono.h">
      <Filter>src\standard\c++11</Filter>
    </ClInclude>
    <ClInclude Include="test_bitset.h">
      <Filter>src\standard\c++98|03</Filter>
    </ClInclude>
    <ClInclude Include="test_regex.h">
      <Filter>src\standard\c++98|03</Filter>
    </ClInclude>
    <ClInclude Include="test_smart_ptr.h">
      <Filter>src\standard\c++98|03</Filter>
    </ClInclude>
    <ClInclude Include="test_stream.h">
      <Filter>src\standard\stream</Filter>
    </ClInclude>
    <ClInclude Include="..\..\public\ltest\ltest.h">
      <Filter>include\unittest\ltest</Filter>
    </ClInclude>
    <ClInclude Include="..\..\public\ltest\ltest_suite.hpp">
      <Filter>include\unittest\ltest</Filter>
    </ClInclude>
    <ClInclude Include="..\..\public\ltest\ltest_macros.h">
      <Filter>include\unittest\ltest</Filter>
    </ClInclude>
    <ClInclude Include="..\..\public\ltest\ltest_actor.hpp">
      <Filter>include\unittest\ltest</Filter>
    </ClInclude>
    <ClInclude Include="..\..\3rdparty\cipra-1.1\include\cipra.hpp">
      <Filter>include\unittest\cipra</Filter>
    </ClInclude>
    <ClInclude Include="..\..\3rdparty\cipra-1.1\include\impl\counter.hpp">
      <Filter>include\unittest\cipra</Filter>
    </ClInclude>
    <ClInclude Include="..\..\3rdparty\cipra-1.1\include\impl\tap13.hpp">
      <Filter>include\unittest\cipra</Filter>
    </ClInclude>
    <ClInclude Include="..\..\3rdparty\cipra-1.1\include\impl\tests.hpp">
      <Filter>include\unittest\cipra</Filter>
    </ClInclude>
    <ClInclude Include="test_cipra.h">
      <Filter>src\unittest</Filter>
    </ClInclude>
    <ClInclude Include="..\..\3rdparty\tut\tut\tut.hpp">
      <Filter>include\unittest\tut</Filter>
    </ClInclude>
    <ClInclude Include="..\..\3rdparty\tut\tut\tut_assert.hpp">
      <Filter>include\unittest\tut</Filter>
    </ClInclude>
    <ClInclude Include="..\..\3rdparty\tut\tut\tut_console_reporter.hpp">
      <Filter>include\unittest\tut</Filter>
    </ClInclude>
    <ClInclude Include="..\..\3rdparty\tut\tut\tut_cppunit_reporter.hpp">
      <Filter>include\unittest\tut</Filter>
    </ClInclude>
    <ClInclude Include="..\..\3rdparty\tut\tut\tut_exception.hpp">
      <Filter>include\unittest\tut</Filter>
    </ClInclude>
    <ClInclude Include="..\..\3rdparty\tut\tut\tut_posix.hpp">
      <Filter>include\unittest\tut</Filter>
    </ClInclude>
    <ClInclude Include="..\..\3rdparty\tut\tut\tut_reporter.hpp">
      <Filter>include\unittest\tut</Filter>
    </ClInclude>
    <ClInclude Include="..\..\3rdparty\tut\tut\tut_restartable.hpp">
      <Filter>include\unittest\tut</Filter>
    </ClInclude>
    <ClInclude Include="..\..\3rdparty\tut\tut\tut_result.hpp">
      <Filter>include\unittest\tut</Filter>
    </ClInclude>
    <ClInclude Include="..\..\3rdparty\tut\tut\tut_runner.hpp">
      <Filter>include\unittest\tut</Filter>
    </ClInclude>
    <ClInclude Include="..\..\3rdparty\tut\tut\tut_xml_reporter.hpp">
      <Filter>include\unittest\tut</Filter>
    </ClInclude>
    <ClInclude Include="test_tut.h">
      <Filter>src\unittest</Filter>
    </ClInclude>
    <ClInclude Include="..\..\3rdparty\xde102\xde.h">
      <Filter>include\xde</Filter>
    </ClInclude>
    <ClInclude Include="test_xde.h">
      <Filter>src\xde</Filter>
    </ClInclude>
  </ItemGroup>
  <ItemGroup>
    <ClCompile Include="learn.cpp">
      <Filter>src</Filter>
    </ClCompile>
    <ClCompile Include="stdafx.cpp">
      <Filter>src</Filter>
    </ClCompile>
    <ClCompile Include="test_conversion.cpp">
      <Filter>src\boost\String and text processing</Filter>
    </ClCompile>
    <ClCompile Include="test_format.cpp">
      <Filter>src\boost\String and text processing</Filter>
    </ClCompile>
    <ClCompile Include="test_string_aogo.cpp">
      <Filter>src\boost\String and text processing</Filter>
    </ClCompile>
    <ClCompile Include="test_tokenizer.cpp">
      <Filter>src\boost\String and text processing</Filter>
    </ClCompile>
    <ClCompile Include="test_bimap.cpp">
      <Filter>src\boost\Containers</Filter>
    </ClCompile>
    <ClCompile Include="test_circular_buffer.cpp">
      <Filter>src\boost\Containers</Filter>
    </ClCompile>
    <ClCompile Include="test_dynamic_bitset.cpp">
      <Filter>src\boost\Containers</Filter>
    </ClCompile>
    <ClCompile Include="test_property_tree.cpp">
      <Filter>src\boost\Containers</Filter>
    </ClCompile>
    <ClCompile Include="test_variant.cpp">
      <Filter>src\boost\Containers</Filter>
    </ClCompile>
    <ClCompile Include="test_searching_algorithms.cpp">
      <Filter>src\boost\Algorithms</Filter>
    </ClCompile>
    <ClCompile Include="test_clamp.cpp">
      <Filter>src\boost\Algorithms</Filter>
    </ClCompile>
    <ClCompile Include="test_hex.cpp">
      <Filter>src\boost\Algorithms</Filter>
    </ClCompile>
    <ClCompile Include="test_minmax.cpp">
      <Filter>src\boost\Algorithms</Filter>
    </ClCompile>
    <ClCompile Include="test_numeric_conversion.cpp">
      <Filter>src\boost\Miscellaneous</Filter>
    </ClCompile>
    <ClCompile Include="test_optional.cpp">
      <Filter>src\boost\Miscellaneous</Filter>
    </ClCompile>
    <ClCompile Include="test_tribool.cpp">
      <Filter>src\boost\Miscellaneous</Filter>
    </ClCompile>
    <ClCompile Include="test_program_options.cpp">
      <Filter>src\boost\Miscellaneous</Filter>
    </ClCompile>
    <ClCompile Include="test_protobuf.cpp">
      <Filter>src\protobuf</Filter>
    </ClCompile>
    <ClCompile Include="test_proto.pb.cc">
      <Filter>src\protobuf\proto</Filter>
    </ClCompile>
    <ClCompile Include="test_libcurl.cpp">
      <Filter>src\libcurl</Filter>
    </ClCompile>
    <ClCompile Include="zl_crul_file.cpp">
      <Filter>src\libcurl</Filter>
    </ClCompile>
    <ClCompile Include="zl_crul_http.cpp">
      <Filter>src\libcurl</Filter>
    </ClCompile>
    <ClCompile Include="..\..\3rdparty\luasrc\lapi.c">
      <Filter>src\lua\luasrc</Filter>
    </ClCompile>
    <ClCompile Include="..\..\3rdparty\luasrc\lauxlib.c">
      <Filter>src\lua\luasrc</Filter>
    </ClCompile>
    <ClCompile Include="..\..\3rdparty\luasrc\lbaselib.c">
      <Filter>src\lua\luasrc</Filter>
    </ClCompile>
    <ClCompile Include="..\..\3rdparty\luasrc\lbitlib.c">
      <Filter>src\lua\luasrc</Filter>
    </ClCompile>
    <ClCompile Include="..\..\3rdparty\luasrc\lcode.c">
      <Filter>src\lua\luasrc</Filter>
    </ClCompile>
    <ClCompile Include="..\..\3rdparty\luasrc\lcorolib.c">
      <Filter>src\lua\luasrc</Filter>
    </ClCompile>
    <ClCompile Include="..\..\3rdparty\luasrc\lctype.c">
      <Filter>src\lua\luasrc</Filter>
    </ClCompile>
    <ClCompile Include="..\..\3rdparty\luasrc\ldblib.c">
      <Filter>src\lua\luasrc</Filter>
    </ClCompile>
    <ClCompile Include="..\..\3rdparty\luasrc\ldebug.c">
      <Filter>src\lua\luasrc</Filter>
    </ClCompile>
    <ClCompile Include="..\..\3rdparty\luasrc\ldo.c">
      <Filter>src\lua\luasrc</Filter>
    </ClCompile>
    <ClCompile Include="..\..\3rdparty\luasrc\ldump.c">
      <Filter>src\lua\luasrc</Filter>
    </ClCompile>
    <ClCompile Include="..\..\3rdparty\luasrc\lfunc.c">
      <Filter>src\lua\luasrc</Filter>
    </ClCompile>
    <ClCompile Include="..\..\3rdparty\luasrc\lgc.c">
      <Filter>src\lua\luasrc</Filter>
    </ClCompile>
    <ClCompile Include="..\..\3rdparty\luasrc\linit.c">
      <Filter>src\lua\luasrc</Filter>
    </ClCompile>
    <ClCompile Include="..\..\3rdparty\luasrc\liolib.c">
      <Filter>src\lua\luasrc</Filter>
    </ClCompile>
    <ClCompile Include="..\..\3rdparty\luasrc\llex.c">
      <Filter>src\lua\luasrc</Filter>
    </ClCompile>
    <ClCompile Include="..\..\3rdparty\luasrc\lmathlib.c">
      <Filter>src\lua\luasrc</Filter>
    </ClCompile>
    <ClCompile Include="..\..\3rdparty\luasrc\lmem.c">
      <Filter>src\lua\luasrc</Filter>
    </ClCompile>
    <ClCompile Include="..\..\3rdparty\luasrc\loadlib.c">
      <Filter>src\lua\luasrc</Filter>
    </ClCompile>
    <ClCompile Include="..\..\3rdparty\luasrc\lobject.c">
      <Filter>src\lua\luasrc</Filter>
    </ClCompile>
    <ClCompile Include="..\..\3rdparty\luasrc\lopcodes.c">
      <Filter>src\lua\luasrc</Filter>
    </ClCompile>
    <ClCompile Include="..\..\3rdparty\luasrc\loslib.c">
      <Filter>src\lua\luasrc</Filter>
    </ClCompile>
    <ClCompile Include="..\..\3rdparty\luasrc\lparser.c">
      <Filter>src\lua\luasrc</Filter>
    </ClCompile>
    <ClCompile Include="..\..\3rdparty\luasrc\lstate.c">
      <Filter>src\lua\luasrc</Filter>
    </ClCompile>
    <ClCompile Include="..\..\3rdparty\luasrc\lstring.c">
      <Filter>src\lua\luasrc</Filter>
    </ClCompile>
    <ClCompile Include="..\..\3rdparty\luasrc\lstrlib.c">
      <Filter>src\lua\luasrc</Filter>
    </ClCompile>
    <ClCompile Include="..\..\3rdparty\luasrc\ltable.c">
      <Filter>src\lua\luasrc</Filter>
    </ClCompile>
    <ClCompile Include="..\..\3rdparty\luasrc\ltablib.c">
      <Filter>src\lua\luasrc</Filter>
    </ClCompile>
    <ClCompile Include="..\..\3rdparty\luasrc\ltm.c">
      <Filter>src\lua\luasrc</Filter>
    </ClCompile>
    <ClCompile Include="..\..\3rdparty\luasrc\lundump.c">
      <Filter>src\lua\luasrc</Filter>
    </ClCompile>
    <ClCompile Include="..\..\3rdparty\luasrc\lvm.c">
      <Filter>src\lua\luasrc</Filter>
    </ClCompile>
    <ClCompile Include="..\..\3rdparty\luasrc\lzio.c">
      <Filter>src\lua\luasrc</Filter>
    </ClCompile>
    <ClCompile Include="test_lua.cpp">
      <Filter>src\lua</Filter>
    </ClCompile>
    <ClCompile Include="test_array.cpp">
      <Filter>src\standard\c++11</Filter>
    </ClCompile>
    <ClCompile Include="test_atomic.cpp">
      <Filter>src\standard\c++11</Filter>
    </ClCompile>
    <ClCompile Include="test_chrono.cpp">
      <Filter>src\standard\c++11</Filter>
    </ClCompile>
    <ClCompile Include="test_bitset.cpp">
      <Filter>src\standard\c++98|03</Filter>
    </ClCompile>
    <ClCompile Include="test_regex.cpp">
      <Filter>src\standard\c++98|03</Filter>
    </ClCompile>
    <ClCompile Include="test_smart_ptr.cpp">
      <Filter>src\standard\c++98|03</Filter>
    </ClCompile>
    <ClCompile Include="test_stream.cpp">
      <Filter>src\standard\stream</Filter>
    </ClCompile>
    <ClCompile Include="test_cipra.cpp">
      <Filter>src\unittest</Filter>
    </ClCompile>
    <ClCompile Include="test_tut.cpp">
      <Filter>src\unittest</Filter>
    </ClCompile>
    <ClCompile Include="..\..\3rdparty\xde102\xde.c">
      <Filter>include\xde</Filter>
    </ClCompile>
    <ClCompile Include="test_xde.cpp">
      <Filter>src\xde</Filter>
    </ClCompile>
  </ItemGroup>
  <ItemGroup>
    <None Include="test_proto.proto">
      <Filter>src\protobuf\proto</Filter>
    </None>
    <None Include="..\..\3rdparty\luasrc\Makefile">
      <Filter>src\lua\luasrc</Filter>
    </None>
    <None Include="..\..\3rdparty\cipra-1.1\include\impl\counter.ipp">
      <Filter>include\unittest\cipra</Filter>
    </None>
    <None Include="..\..\3rdparty\cipra-1.1\include\impl\tap13.ipp">
      <Filter>include\unittest\cipra</Filter>
    </None>
    <None Include="..\..\3rdparty\cipra-1.1\include\impl\tests.ipp">
      <Filter>include\unittest\cipra</Filter>
    </None>
  </ItemGroup>
</Project>