<?xml version="1.0" encoding="utf-8"?>
<Project ToolsVersion="4.0" xmlns="http://schemas.microsoft.com/developer/msbuild/2003">
  <ItemGroup>
    <Filter Include="src">
      <UniqueIdentifier>{fb9853e9-bb0a-45e1-8bf6-28fcb793f7fb}</UniqueIdentifier>
    </Filter>
    <Filter Include="src\standard">
      <UniqueIdentifier>{b142c095-ba23-478b-aae4-0823c84f61f4}</UniqueIdentifier>
    </Filter>
    <Filter Include="src\boost">
      <UniqueIdentifier>{58fa3c94-f8cd-4149-8ab8-531777ab6cd7}</UniqueIdentifier>
    </Filter>
    <Filter Include="src\boost\String and text processing">
      <UniqueIdentifier>{991ae735-d086-4f10-a30f-e7f0530f70e1}</UniqueIdentifier>
    </Filter>
    <Filter Include="src\boost\Containers">
      <UniqueIdentifier>{2869bed5-b104-4e95-8996-1c71e1b3c5d1}</UniqueIdentifier>
    </Filter>
    <Filter Include="src\boost\Algorithms">
      <UniqueIdentifier>{f98ea1ab-6424-4626-8321-db07ad4b1e4d}</UniqueIdentifier>
    </Filter>
    <Filter Include="src\boost\Miscellaneous">
      <UniqueIdentifier>{8ae01776-3993-43ab-a226-a272307278e4}</UniqueIdentifier>
    </Filter>
    <Filter Include="src\protobuf">
      <UniqueIdentifier>{ce990ada-7144-4c14-93b8-31264e80d00f}</UniqueIdentifier>
    </Filter>
    <Filter Include="src\protobuf\proto">
      <UniqueIdentifier>{7bbd6010-c314-409f-a383-5766526f51f6}</UniqueIdentifier>
    </Filter>
    <Filter Include="src\libcurl">
      <UniqueIdentifier>{9286bb95-bc12-46cf-98c6-c5061611af6c}</UniqueIdentifier>
    </Filter>
  </ItemGroup>
  <ItemGroup>
    <Text Include="ReadMe.txt" />
  </ItemGroup>
  <ItemGroup>
    <ClInclude Include="stdafx.h">
      <Filter>src</Filter>
    </ClInclude>
    <ClInclude Include="targetver.h">
      <Filter>src</Filter>
    </ClInclude>
    <ClInclude Include="test_atomic.h">
      <Filter>src\standard</Filter>
    </ClInclude>
    <ClInclude Include="test_bitset.h">
      <Filter>src\standard</Filter>
    </ClInclude>
    <ClInclude Include="test_chrono.h">
      <Filter>src\standard</Filter>
    </ClInclude>
    <ClInclude Include="test_regex.h">
      <Filter>src\standard</Filter>
    </ClInclude>
    <ClInclude Include="test_smart_ptr.h">
      <Filter>src\standard</Filter>
    </ClInclude>
    <ClInclude Include="test_conversion.h">
      <Filter>src\boost\String and text processing</Filter>
    </ClInclude>
    <ClInclude Include="test_format.h">
      <Filter>src\boost\String and text processing</Filter>
    </ClInclude>
    <ClInclude Include="test_string_aogo.h">
      <Filter>src\boost\String and text processing</Filter>
    </ClInclude>
    <ClInclude Include="test_tokenizer.h">
      <Filter>src\boost\String and text processing</Filter>
    </ClInclude>
    <ClInclude Include="test_array.h">
      <Filter>src\standard</Filter>
    </ClInclude>
    <ClInclude Include="test_bimap.h">
      <Filter>src\boost\Containers</Filter>
    </ClInclude>
    <ClInclude Include="test_circular_buffer.h">
      <Filter>src\boost\Containers</Filter>
    </ClInclude>
    <ClInclude Include="test_dynamic_bitset.h">
      <Filter>src\boost\Containers</Filter>
    </ClInclude>
    <ClInclude Include="test_property_tree.h">
      <Filter>src\boost\Containers</Filter>
    </ClInclude>
    <ClInclude Include="test_variant.h">
      <Filter>src\boost\Containers</Filter>
    </ClInclude>
    <ClInclude Include="test_searching_algorithms.h">
      <Filter>src\boost\Algorithms</Filter>
    </ClInclude>
    <ClInclude Include="test_clamp.h">
      <Filter>src\boost\Algorithms</Filter>
    </ClInclude>
    <ClInclude Include="test_hex.h">
      <Filter>src\boost\Algorithms</Filter>
    </ClInclude>
    <ClInclude Include="test_minmax.h">
      <Filter>src\boost\Algorithms</Filter>
    </ClInclude>
    <ClInclude Include="test_numeric_conversion.h">
      <Filter>src\boost\Miscellaneous</Filter>
    </ClInclude>
    <ClInclude Include="test_optional.h">
      <Filter>src\boost\Miscellaneous</Filter>
    </ClInclude>
    <ClInclude Include="test_tribool.h">
      <Filter>src\boost\Miscellaneous</Filter>
    </ClInclude>
    <ClInclude Include="test_program_options.h">
      <Filter>src\boost\Miscellaneous</Filter>
    </ClInclude>
    <ClInclude Include="test_protobuf.h">
      <Filter>src\protobuf</Filter>
    </ClInclude>
    <ClInclude Include="test_proto.pb.h">
      <Filter>src\protobuf\proto</Filter>
    </ClInclude>
    <ClInclude Include="test_libcurl.h">
      <Filter>src\libcurl</Filter>
    </ClInclude>
    <ClInclude Include="zl_crul_file.h">
      <Filter>src\libcurl</Filter>
    </ClInclude>
    <ClInclude Include="zl_crul_http.h">
      <Filter>src\libcurl</Filter>
    </ClInclude>
  </ItemGroup>
  <ItemGroup>
    <ClCompile Include="learn.cpp">
      <Filter>src</Filter>
    </ClCompile>
    <ClCompile Include="stdafx.cpp">
      <Filter>src</Filter>
    </ClCompile>
    <ClCompile Include="test_atomic.cpp">
      <Filter>src\standard</Filter>
    </ClCompile>
    <ClCompile Include="test_bitset.cpp">
      <Filter>src\standard</Filter>
    </ClCompile>
    <ClCompile Include="test_chrono.cpp">
      <Filter>src\standard</Filter>
    </ClCompile>
    <ClCompile Include="test_regex.cpp">
      <Filter>src\standard</Filter>
    </ClCompile>
    <ClCompile Include="test_smart_ptr.cpp">
      <Filter>src\standard</Filter>
    </ClCompile>
    <ClCompile Include="test_conversion.cpp">
      <Filter>src\boost\String and text processing</Filter>
    </ClCompile>
    <ClCompile Include="test_format.cpp">
      <Filter>src\boost\String and text processing</Filter>
    </ClCompile>
    <ClCompile Include="test_string_aogo.cpp">
      <Filter>src\boost\String and text processing</Filter>
    </ClCompile>
    <ClCompile Include="test_tokenizer.cpp">
      <Filter>src\boost\String and text processing</Filter>
    </ClCompile>
    <ClCompile Include="test_array.cpp">
      <Filter>src\standard</Filter>
    </ClCompile>
    <ClCompile Include="test_bimap.cpp">
      <Filter>src\boost\Containers</Filter>
    </ClCompile>
    <ClCompile Include="test_circular_buffer.cpp">
      <Filter>src\boost\Containers</Filter>
    </ClCompile>
    <ClCompile Include="test_dynamic_bitset.cpp">
      <Filter>src\boost\Containers</Filter>
    </ClCompile>
    <ClCompile Include="test_property_tree.cpp">
      <Filter>src\boost\Containers</Filter>
    </ClCompile>
    <ClCompile Include="test_variant.cpp">
      <Filter>src\boost\Containers</Filter>
    </ClCompile>
    <ClCompile Include="test_searching_algorithms.cpp">
      <Filter>src\boost\Algorithms</Filter>
    </ClCompile>
    <ClCompile Include="test_clamp.cpp">
      <Filter>src\boost\Algorithms</Filter>
    </ClCompile>
    <ClCompile Include="test_hex.cpp">
      <Filter>src\boost\Algorithms</Filter>
    </ClCompile>
    <ClCompile Include="test_minmax.cpp">
      <Filter>src\boost\Algorithms</Filter>
    </ClCompile>
    <ClCompile Include="test_numeric_conversion.cpp">
      <Filter>src\boost\Miscellaneous</Filter>
    </ClCompile>
    <ClCompile Include="test_optional.cpp">
      <Filter>src\boost\Miscellaneous</Filter>
    </ClCompile>
    <ClCompile Include="test_tribool.cpp">
      <Filter>src\boost\Miscellaneous</Filter>
    </ClCompile>
    <ClCompile Include="test_program_options.cpp">
      <Filter>src\boost\Miscellaneous</Filter>
    </ClCompile>
    <ClCompile Include="test_protobuf.cpp">
      <Filter>src\protobuf</Filter>
    </ClCompile>
    <ClCompile Include="test_proto.pb.cc">
      <Filter>src\protobuf\proto</Filter>
    </ClCompile>
    <ClCompile Include="test_libcurl.cpp">
      <Filter>src\libcurl</Filter>
    </ClCompile>
    <ClCompile Include="zl_crul_file.cpp">
      <Filter>src\libcurl</Filter>
    </ClCompile>
    <ClCompile Include="zl_crul_http.cpp">
      <Filter>src\libcurl</Filter>
    </ClCompile>
  </ItemGroup>
  <ItemGroup>
    <None Include="test_proto.proto">
      <Filter>src\protobuf\proto</Filter>
    </None>
  </ItemGroup>
</Project>