<?xml version="1.0" encoding="utf-8"?>
<Project ToolsVersion="4.0" xmlns="http://schemas.microsoft.com/developer/msbuild/2003">
  <ItemGroup>
    <Filter Include="main">
      <UniqueIdentifier>{e5f893f8-3fd4-48ec-9155-f3797827331c}</UniqueIdentifier>
    </Filter>
    <Filter Include="base">
      <UniqueIdentifier>{c72c058d-87de-49e0-9f8f-a7b4b0b130ad}</UniqueIdentifier>
    </Filter>
    <Filter Include="network">
      <UniqueIdentifier>{ac05c237-ef1b-4324-9cce-ee6ca4f800e0}</UniqueIdentifier>
    </Filter>
    <Filter Include="network\asio_error">
      <UniqueIdentifier>{07e1c169-4ea2-44b5-973c-25672026ee02}</UniqueIdentifier>
    </Filter>
    <Filter Include="network\common">
      <UniqueIdentifier>{6b2d89e3-a62f-444c-9967-a67829a46de6}</UniqueIdentifier>
    </Filter>
  </ItemGroup>
  <ItemGroup>
    <ClInclude Include="targetver.h">
      <Filter>main</Filter>
    </ClInclude>
    <ClInclude Include="byte_buffer.h">
      <Filter>base</Filter>
    </ClInclude>
    <ClInclude Include="packet.h">
      <Filter>base</Filter>
    </ClInclude>
    <ClInclude Include="irene_common.h">
      <Filter>base</Filter>
    </ClInclude>
    <ClInclude Include="endian.h">
      <Filter>base</Filter>
    </ClInclude>
    <ClInclude Include="inet_address.h">
      <Filter>base</Filter>
    </ClInclude>
    <ClInclude Include="opcodes.h" />
    <ClInclude Include="object_pool.hpp">
      <Filter>base</Filter>
    </ClInclude>
    <ClInclude Include="tcp_server.h">
      <Filter>network</Filter>
    </ClInclude>
    <ClInclude Include="acceptor.h">
      <Filter>network</Filter>
    </ClInclude>
    <ClInclude Include="io_service.h">
      <Filter>network</Filter>
    </ClInclude>
    <ClInclude Include="tcp_connection.h">
      <Filter>network</Filter>
    </ClInclude>
    <ClInclude Include="network_common.h">
      <Filter>network\common</Filter>
    </ClInclude>
    <ClInclude Include="local_free_on_destruction.hpp">
      <Filter>network\asio_error</Filter>
    </ClInclude>
    <ClInclude Include="stdafx.h">
      <Filter>main</Filter>
    </ClInclude>
  </ItemGroup>
  <ItemGroup>
    <ClCompile Include="stdafx.cpp">
      <Filter>main</Filter>
    </ClCompile>
    <ClCompile Include="tcp_server.cpp">
      <Filter>network</Filter>
    </ClCompile>
    <ClCompile Include="acceptor.cpp">
      <Filter>network</Filter>
    </ClCompile>
    <ClCompile Include="tcp_connection.cpp">
      <Filter>network</Filter>
    </ClCompile>
    <ClCompile Include="error_code.cpp">
      <Filter>network\asio_error</Filter>
    </ClCompile>
  </ItemGroup>
</Project>