<?xml version="1.0" encoding="utf-8"?>
<Project ToolsVersion="4.0" xmlns="http://schemas.microsoft.com/developer/msbuild/2003">
  <ItemGroup>
    <Filter Include="源文件">
      <UniqueIdentifier>{4FC737F1-C7A5-4376-A066-2A32D752A2FF}</UniqueIdentifier>
      <Extensions>cpp;c;cc;cxx;def;odl;idl;hpj;bat;asm;asmx</Extensions>
    </Filter>
    <Filter Include="头文件">
      <UniqueIdentifier>{93995380-89BD-4b04-88EB-625FBE52EBFB}</UniqueIdentifier>
      <Extensions>h;hpp;hxx;hm;inl;inc;xsd</Extensions>
    </Filter>
    <Filter Include="资源文件">
      <UniqueIdentifier>{67DA6AB6-F800-4c08-8B7A-83BB121AAD01}</UniqueIdentifier>
      <Extensions>rc;ico;cur;bmp;dlg;rc2;rct;bin;rgs;gif;jpg;jpeg;jpe;resx;tiff;tif;png;wav;mfcribbon-ms</Extensions>
    </Filter>
    <Filter Include="头文件\object">
      <UniqueIdentifier>{8649642a-2bb3-4873-9462-b80a9c4f21df}</UniqueIdentifier>
    </Filter>
    <Filter Include="头文件\produce">
      <UniqueIdentifier>{f8b0899c-930e-4be7-be09-7715489438bc}</UniqueIdentifier>
    </Filter>
    <Filter Include="头文件\parser">
      <UniqueIdentifier>{68390070-1dbc-4930-9a2c-ee3192097513}</UniqueIdentifier>
    </Filter>
  </ItemGroup>
  <ItemGroup>
    <ClCompile Include="main.cpp">
      <Filter>源文件</Filter>
    </ClCompile>
    <ClCompile Include="classobject.cpp">
      <Filter>头文件\object</Filter>
    </ClCompile>
    <ClCompile Include="funcobject.cpp">
      <Filter>头文件\object</Filter>
    </ClCompile>
    <ClCompile Include="object.cpp">
      <Filter>头文件\object</Filter>
    </ClCompile>
    <ClCompile Include="scriptparser.cpp">
      <Filter>头文件\parser</Filter>
    </ClCompile>
    <ClCompile Include="parserobject.cpp">
      <Filter>头文件\parser</Filter>
    </ClCompile>
  </ItemGroup>
  <ItemGroup>
    <ClInclude Include="classobject.h">
      <Filter>头文件\object</Filter>
    </ClInclude>
    <ClInclude Include="funcobject.h">
      <Filter>头文件\object</Filter>
    </ClInclude>
    <ClInclude Include="IObject.h">
      <Filter>头文件\object</Filter>
    </ClInclude>
    <ClInclude Include="object.h">
      <Filter>头文件\object</Filter>
    </ClInclude>
    <ClInclude Include="parserobject.h">
      <Filter>头文件\parser</Filter>
    </ClInclude>
    <ClInclude Include="parser_def.h">
      <Filter>头文件</Filter>
    </ClInclude>
    <ClInclude Include="scriptparser.h">
      <Filter>头文件\parser</Filter>
    </ClInclude>
  </ItemGroup>
</Project>