
Microsoft Visual Studio Solution File, Format Version 12.00
# Visual Studio 2012
Project("{8BC9CEB8-8B4A-11D0-8D11-00A0C91BC942}") = "learn", "..\src\learn\learn.vcxproj", "{79284941-3A71-4A61-BFE8-56ABBB2AC8F6}"
EndProject
Project("{8BC9CEB8-8B4A-11D0-8D11-00A0C91BC942}") = "circe_client_network", "..\src\circe\circe_client_network\circe_client_network.vcxproj", "{277F7598-9312-46DA-AB12-0F0FB25153A5}"
EndProject
Global
	GlobalSection(SolutionConfigurationPlatforms) = preSolution
		Debug|Win32 = Debug|Win32
		Release|Win32 = Release|Win32
	EndGlobalSection
	GlobalSection(ProjectConfigurationPlatforms) = postSolution
		{79284941-3A71-4A61-BFE8-56ABBB2AC8F6}.Debug|Win32.ActiveCfg = Debug|Win32
		{79284941-3A71-4A61-BFE8-56ABBB2AC8F6}.Debug|Win32.Build.0 = Debug|Win32
		{79284941-3A71-4A61-BFE8-56ABBB2AC8F6}.Release|Win32.ActiveCfg = Release|Win32
		{79284941-3A71-4A61-BFE8-56ABBB2AC8F6}.Release|Win32.Build.0 = Release|Win32
		{277F7598-9312-46DA-AB12-0F0FB25153A5}.Debug|Win32.ActiveCfg = Debug|Win32
		{277F7598-9312-46DA-AB12-0F0FB25153A5}.Debug|Win32.Build.0 = Debug|Win32
		{277F7598-9312-46DA-AB12-0F0FB25153A5}.Release|Win32.ActiveCfg = Release|Win32
		{277F7598-9312-46DA-AB12-0F0FB25153A5}.Release|Win32.Build.0 = Release|Win32
	EndGlobalSection
	GlobalSection(SolutionProperties) = preSolution
		HideSolutionNode = FALSE
	EndGlobalSection
EndGlobal
