
Microsoft Visual Studio Solution File, Format Version 12.00
# Visual Studio 2012
Project("{8BC9CEB8-8B4A-11D0-8D11-00A0C91BC942}") = "learn", "..\src\learn\learn.vcxproj", "{79284941-3A71-4A61-BFE8-56ABBB2AC8F6}"
EndProject
Project("{8BC9CEB8-8B4A-11D0-8D11-00A0C91BC942}") = "test_gui", "..\src\test_gui\test_gui.vcxproj", "{6C4E47FE-37AC-400D-9294-CEB18E0B1272}"
EndProject
Project("{2150E333-8FDC-42A3-9474-1A3956D46DE8}") = "x", "x", "{0FAC4456-4B5A-4F4D-BE92-459BB7D808F2}"
EndProject
Project("{8BC9CEB8-8B4A-11D0-8D11-00A0C91BC942}") = "test_pellets", "..\src\test_pellets\test_pellets.vcxproj", "{10A53A17-956B-4378-93F8-FF12938F11E0}"
EndProject
Project("{8BC9CEB8-8B4A-11D0-8D11-00A0C91BC942}") = "test_basic", "..\src\test_basic\test_basic.vcxproj", "{D8116073-6948-4FAB-BC31-DAD96D94B7DF}"
EndProject
Project("{8BC9CEB8-8B4A-11D0-8D11-00A0C91BC942}") = "debuger", "..\src\pontus\debuger\debuger.vcxproj", "{79330EE5-8ED9-4117-B253-E23CE083E5A7}"
EndProject
Global
	GlobalSection(SolutionConfigurationPlatforms) = preSolution
		Debug|Win32 = Debug|Win32
		Release|Win32 = Release|Win32
	EndGlobalSection
	GlobalSection(ProjectConfigurationPlatforms) = postSolution
		{79284941-3A71-4A61-BFE8-56ABBB2AC8F6}.Debug|Win32.ActiveCfg = Debug|Win32
		{79284941-3A71-4A61-BFE8-56ABBB2AC8F6}.Debug|Win32.Build.0 = Debug|Win32
		{79284941-3A71-4A61-BFE8-56ABBB2AC8F6}.Release|Win32.ActiveCfg = Release|Win32
		{79284941-3A71-4A61-BFE8-56ABBB2AC8F6}.Release|Win32.Build.0 = Release|Win32
		{6C4E47FE-37AC-400D-9294-CEB18E0B1272}.Debug|Win32.ActiveCfg = Debug|Win32
		{6C4E47FE-37AC-400D-9294-CEB18E0B1272}.Debug|Win32.Build.0 = Debug|Win32
		{6C4E47FE-37AC-400D-9294-CEB18E0B1272}.Release|Win32.ActiveCfg = Release|Win32
		{6C4E47FE-37AC-400D-9294-CEB18E0B1272}.Release|Win32.Build.0 = Release|Win32
		{10A53A17-956B-4378-93F8-FF12938F11E0}.Debug|Win32.ActiveCfg = Debug|Win32
		{10A53A17-956B-4378-93F8-FF12938F11E0}.Debug|Win32.Build.0 = Debug|Win32
		{10A53A17-956B-4378-93F8-FF12938F11E0}.Release|Win32.ActiveCfg = Release|Win32
		{10A53A17-956B-4378-93F8-FF12938F11E0}.Release|Win32.Build.0 = Release|Win32
		{D8116073-6948-4FAB-BC31-DAD96D94B7DF}.Debug|Win32.ActiveCfg = Debug|Win32
		{D8116073-6948-4FAB-BC31-DAD96D94B7DF}.Debug|Win32.Build.0 = Debug|Win32
		{D8116073-6948-4FAB-BC31-DAD96D94B7DF}.Release|Win32.ActiveCfg = Release|Win32
		{D8116073-6948-4FAB-BC31-DAD96D94B7DF}.Release|Win32.Build.0 = Release|Win32
		{79330EE5-8ED9-4117-B253-E23CE083E5A7}.Debug|Win32.ActiveCfg = Debug|Win32
		{79330EE5-8ED9-4117-B253-E23CE083E5A7}.Debug|Win32.Build.0 = Debug|Win32
		{79330EE5-8ED9-4117-B253-E23CE083E5A7}.Release|Win32.ActiveCfg = Release|Win32
		{79330EE5-8ED9-4117-B253-E23CE083E5A7}.Release|Win32.Build.0 = Release|Win32
	EndGlobalSection
	GlobalSection(SolutionProperties) = preSolution
		HideSolutionNode = FALSE
	EndGlobalSection
	GlobalSection(NestedProjects) = preSolution
		{6C4E47FE-37AC-400D-9294-CEB18E0B1272} = {0FAC4456-4B5A-4F4D-BE92-459BB7D808F2}
		{79284941-3A71-4A61-BFE8-56ABBB2AC8F6} = {0FAC4456-4B5A-4F4D-BE92-459BB7D808F2}
		{10A53A17-956B-4378-93F8-FF12938F11E0} = {0FAC4456-4B5A-4F4D-BE92-459BB7D808F2}
		{D8116073-6948-4FAB-BC31-DAD96D94B7DF} = {0FAC4456-4B5A-4F4D-BE92-459BB7D808F2}
	EndGlobalSection
EndGlobal
