
Microsoft Visual Studio Solution File, Format Version 12.00
# Visual Studio 2012
Project("{8BC9CEB8-8B4A-11D0-8D11-00A0C91BC942}") = "test_basic", "..\src\test_basic\test_basic.vcxproj", "{D8116073-6948-4FAB-BC31-DAD96D94B7DF}"
	ProjectSection(ProjectDependencies) = postProject
		{BDCF9C6C-AD3B-4A4A-B8CA-A3F849B68243} = {BDCF9C6C-AD3B-4A4A-B8CA-A3F849B68243}
	EndProjectSection
EndProject
Project("{8BC9CEB8-8B4A-11D0-8D11-00A0C91BC942}") = "cpptest_ext", "..\3rdparty\cpptest_ext\cpptest_ext.vcxproj", "{BDCF9C6C-AD3B-4A4A-B8CA-A3F849B68243}"
EndProject
Project("{8BC9CEB8-8B4A-11D0-8D11-00A0C91BC942}") = "test_pellets", "..\src\test_pellets\test_pellets.vcxproj", "{10A53A17-956B-4378-93F8-FF12938F11E0}"
	ProjectSection(ProjectDependencies) = postProject
		{BDCF9C6C-AD3B-4A4A-B8CA-A3F849B68243} = {BDCF9C6C-AD3B-4A4A-B8CA-A3F849B68243}
	EndProjectSection
EndProject
Project("{8BC9CEB8-8B4A-11D0-8D11-00A0C91BC942}") = "learn", "..\src\learn\learn.vcxproj", "{79284941-3A71-4A61-BFE8-56ABBB2AC8F6}"
EndProject
Project("{8BC9CEB8-8B4A-11D0-8D11-00A0C91BC942}") = "test_com", "..\src\test_com\test_com.vcxproj", "{20C12463-13ED-47D7-BD49-6DB86CFDA35F}"
EndProject
Global
	GlobalSection(SolutionConfigurationPlatforms) = preSolution
		Debug|Win32 = Debug|Win32
		Release|Win32 = Release|Win32
	EndGlobalSection
	GlobalSection(ProjectConfigurationPlatforms) = postSolution
		{D8116073-6948-4FAB-BC31-DAD96D94B7DF}.Debug|Win32.ActiveCfg = Debug|Win32
		{D8116073-6948-4FAB-BC31-DAD96D94B7DF}.Debug|Win32.Build.0 = Debug|Win32
		{D8116073-6948-4FAB-BC31-DAD96D94B7DF}.Release|Win32.ActiveCfg = Release|Win32
		{D8116073-6948-4FAB-BC31-DAD96D94B7DF}.Release|Win32.Build.0 = Release|Win32
		{BDCF9C6C-AD3B-4A4A-B8CA-A3F849B68243}.Debug|Win32.ActiveCfg = Debug|Win32
		{BDCF9C6C-AD3B-4A4A-B8CA-A3F849B68243}.Debug|Win32.Build.0 = Debug|Win32
		{BDCF9C6C-AD3B-4A4A-B8CA-A3F849B68243}.Release|Win32.ActiveCfg = Release|Win32
		{BDCF9C6C-AD3B-4A4A-B8CA-A3F849B68243}.Release|Win32.Build.0 = Release|Win32
		{10A53A17-956B-4378-93F8-FF12938F11E0}.Debug|Win32.ActiveCfg = Debug|Win32
		{10A53A17-956B-4378-93F8-FF12938F11E0}.Debug|Win32.Build.0 = Debug|Win32
		{10A53A17-956B-4378-93F8-FF12938F11E0}.Release|Win32.ActiveCfg = Release|Win32
		{10A53A17-956B-4378-93F8-FF12938F11E0}.Release|Win32.Build.0 = Release|Win32
		{79284941-3A71-4A61-BFE8-56ABBB2AC8F6}.Debug|Win32.ActiveCfg = Debug|Win32
		{79284941-3A71-4A61-BFE8-56ABBB2AC8F6}.Debug|Win32.Build.0 = Debug|Win32
		{79284941-3A71-4A61-BFE8-56ABBB2AC8F6}.Release|Win32.ActiveCfg = Release|Win32
		{79284941-3A71-4A61-BFE8-56ABBB2AC8F6}.Release|Win32.Build.0 = Release|Win32
		{20C12463-13ED-47D7-BD49-6DB86CFDA35F}.Debug|Win32.ActiveCfg = Debug|Win32
		{20C12463-13ED-47D7-BD49-6DB86CFDA35F}.Debug|Win32.Build.0 = Debug|Win32
		{20C12463-13ED-47D7-BD49-6DB86CFDA35F}.Release|Win32.ActiveCfg = Release|Win32
		{20C12463-13ED-47D7-BD49-6DB86CFDA35F}.Release|Win32.Build.0 = Release|Win32
	EndGlobalSection
	GlobalSection(SolutionProperties) = preSolution
		HideSolutionNode = FALSE
	EndGlobalSection
EndGlobal
