
Microsoft Visual Studio Solution File, Format Version 12.00
# Visual Studio 2012
Project("{8BC9CEB8-8B4A-11D0-8D11-00A0C91BC942}") = "test_basic", "..\src\test_basic\test_basic.vcxproj", "{D8116073-6948-4FAB-BC31-DAD96D94B7DF}"
	ProjectSection(ProjectDependencies) = postProject
		{BDCF9C6C-AD3B-4A4A-B8CA-A3F849B68243} = {BDCF9C6C-AD3B-4A4A-B8CA-A3F849B68243}
	EndProjectSection
EndProject
Project("{8BC9CEB8-8B4A-11D0-8D11-00A0C91BC942}") = "cpptest_ext", "..\3rdparty\cpptest_ext\cpptest_ext.vcxproj", "{BDCF9C6C-AD3B-4A4A-B8CA-A3F849B68243}"
EndProject
Project("{8BC9CEB8-8B4A-11D0-8D11-00A0C91BC942}") = "test_pellets", "..\src\test_pellets\test_pellets.vcxproj", "{10A53A17-956B-4378-93F8-FF12938F11E0}"
	ProjectSection(ProjectDependencies) = postProject
		{BDCF9C6C-AD3B-4A4A-B8CA-A3F849B68243} = {BDCF9C6C-AD3B-4A4A-B8CA-A3F849B68243}
	EndProjectSection
EndProject
Project("{8BC9CEB8-8B4A-11D0-8D11-00A0C91BC942}") = "learn", "..\src\learn\learn.vcxproj", "{79284941-3A71-4A61-BFE8-56ABBB2AC8F6}"
EndProject
Project("{8BC9CEB8-8B4A-11D0-8D11-00A0C91BC942}") = "test_com", "..\src\test_com\test_com.vcxproj", "{20C12463-13ED-47D7-BD49-6DB86CFDA35F}"
EndProject
Project("{2150E333-8FDC-42A3-9474-1A3956D46DE8}") = "irene", "irene", "{6BA019DB-BDD3-438A-B417-E171BA253AC9}"
EndProject
Project("{8BC9CEB8-8B4A-11D0-8D11-00A0C91BC942}") = "shaji", "..\src\irene\iserver\iserver.vcxproj", "{DEBF68AD-211D-484D-B7D1-BA6DA104382D}"
	ProjectSection(ProjectDependencies) = postProject
		{649D1913-E747-4A71-918D-67DE2185BAC3} = {649D1913-E747-4A71-918D-67DE2185BAC3}
	EndProjectSection
EndProject
Project("{8BC9CEB8-8B4A-11D0-8D11-00A0C91BC942}") = "rouji", "..\src\irene\iclient\iclient.vcxproj", "{85D33F90-3070-4DF5-9F68-642162E101D5}"
EndProject
Project("{8BC9CEB8-8B4A-11D0-8D11-00A0C91BC942}") = "irene_common", "..\src\irene\common\irene_common.vcxproj", "{649D1913-E747-4A71-918D-67DE2185BAC3}"
EndProject
Project("{8BC9CEB8-8B4A-11D0-8D11-00A0C91BC942}") = "test_gui", "..\src\test_gui\test_gui.vcxproj", "{6C4E47FE-37AC-400D-9294-CEB18E0B1272}"
EndProject
Project("{2150E333-8FDC-42A3-9474-1A3956D46DE8}") = "circe", "circe", "{542B7682-AA4E-44F1-812B-FCF2BCCA80DA}"
EndProject
Project("{8BC9CEB8-8B4A-11D0-8D11-00A0C91BC942}") = "plugin", "..\src\plugin\plugin.vcxproj", "{C5450928-0506-4182-9C2D-E6C2C7B8A320}"
EndProject
Project("{8BC9CEB8-8B4A-11D0-8D11-00A0C91BC942}") = "circe_client_console", "..\src\circe\circe_client_console\circe_client_console.vcxproj", "{C22C305C-26A6-41F7-BA00-24A10AFCFFFE}"
EndProject
Project("{8BC9CEB8-8B4A-11D0-8D11-00A0C91BC942}") = "circe_client_network", "..\src\circe\circe_client_network\circe_client_network.vcxproj", "{277F7598-9312-46DA-AB12-0F0FB25153A5}"
EndProject
Project("{8BC9CEB8-8B4A-11D0-8D11-00A0C91BC942}") = "circe_client_network_test", "..\src\circe\circe_client_network_test\circe_client_network_test.vcxproj", "{AC070CAD-D697-4454-8FB2-AD45AAAB8E96}"
EndProject
Project("{8BC9CEB8-8B4A-11D0-8D11-00A0C91BC942}") = "circe_server", "..\src\circe\circe_server\circe_server.vcxproj", "{22517359-0051-48EA-9723-7A4528D8ACEA}"
EndProject
Project("{8BC9CEB8-8B4A-11D0-8D11-00A0C91BC942}") = "venus_net", "..\src\circe\venus_net\venus_net.vcxproj", "{F839727D-B8EC-4A21-9B7E-BF6C522E8393}"
EndProject
Global
	GlobalSection(SolutionConfigurationPlatforms) = preSolution
		Debug|Win32 = Debug|Win32
		Release|Win32 = Release|Win32
	EndGlobalSection
	GlobalSection(ProjectConfigurationPlatforms) = postSolution
		{D8116073-6948-4FAB-BC31-DAD96D94B7DF}.Debug|Win32.ActiveCfg = Debug|Win32
		{D8116073-6948-4FAB-BC31-DAD96D94B7DF}.Debug|Win32.Build.0 = Debug|Win32
		{D8116073-6948-4FAB-BC31-DAD96D94B7DF}.Release|Win32.ActiveCfg = Release|Win32
		{D8116073-6948-4FAB-BC31-DAD96D94B7DF}.Release|Win32.Build.0 = Release|Win32
		{BDCF9C6C-AD3B-4A4A-B8CA-A3F849B68243}.Debug|Win32.ActiveCfg = Debug|Win32
		{BDCF9C6C-AD3B-4A4A-B8CA-A3F849B68243}.Debug|Win32.Build.0 = Debug|Win32
		{BDCF9C6C-AD3B-4A4A-B8CA-A3F849B68243}.Release|Win32.ActiveCfg = Release|Win32
		{BDCF9C6C-AD3B-4A4A-B8CA-A3F849B68243}.Release|Win32.Build.0 = Release|Win32
		{10A53A17-956B-4378-93F8-FF12938F11E0}.Debug|Win32.ActiveCfg = Debug|Win32
		{10A53A17-956B-4378-93F8-FF12938F11E0}.Debug|Win32.Build.0 = Debug|Win32
		{10A53A17-956B-4378-93F8-FF12938F11E0}.Release|Win32.ActiveCfg = Release|Win32
		{10A53A17-956B-4378-93F8-FF12938F11E0}.Release|Win32.Build.0 = Release|Win32
		{79284941-3A71-4A61-BFE8-56ABBB2AC8F6}.Debug|Win32.ActiveCfg = Debug|Win32
		{79284941-3A71-4A61-BFE8-56ABBB2AC8F6}.Debug|Win32.Build.0 = Debug|Win32
		{79284941-3A71-4A61-BFE8-56ABBB2AC8F6}.Release|Win32.ActiveCfg = Release|Win32
		{79284941-3A71-4A61-BFE8-56ABBB2AC8F6}.Release|Win32.Build.0 = Release|Win32
		{20C12463-13ED-47D7-BD49-6DB86CFDA35F}.Debug|Win32.ActiveCfg = Debug|Win32
		{20C12463-13ED-47D7-BD49-6DB86CFDA35F}.Debug|Win32.Build.0 = Debug|Win32
		{20C12463-13ED-47D7-BD49-6DB86CFDA35F}.Release|Win32.ActiveCfg = Release|Win32
		{20C12463-13ED-47D7-BD49-6DB86CFDA35F}.Release|Win32.Build.0 = Release|Win32
		{DEBF68AD-211D-484D-B7D1-BA6DA104382D}.Debug|Win32.ActiveCfg = Debug|Win32
		{DEBF68AD-211D-484D-B7D1-BA6DA104382D}.Debug|Win32.Build.0 = Debug|Win32
		{DEBF68AD-211D-484D-B7D1-BA6DA104382D}.Release|Win32.ActiveCfg = Release|Win32
		{DEBF68AD-211D-484D-B7D1-BA6DA104382D}.Release|Win32.Build.0 = Release|Win32
		{85D33F90-3070-4DF5-9F68-642162E101D5}.Debug|Win32.ActiveCfg = Debug|Win32
		{85D33F90-3070-4DF5-9F68-642162E101D5}.Debug|Win32.Build.0 = Debug|Win32
		{85D33F90-3070-4DF5-9F68-642162E101D5}.Release|Win32.ActiveCfg = Release|Win32
		{85D33F90-3070-4DF5-9F68-642162E101D5}.Release|Win32.Build.0 = Release|Win32
		{649D1913-E747-4A71-918D-67DE2185BAC3}.Debug|Win32.ActiveCfg = Debug|Win32
		{649D1913-E747-4A71-918D-67DE2185BAC3}.Debug|Win32.Build.0 = Debug|Win32
		{649D1913-E747-4A71-918D-67DE2185BAC3}.Release|Win32.ActiveCfg = Release|Win32
		{649D1913-E747-4A71-918D-67DE2185BAC3}.Release|Win32.Build.0 = Release|Win32
		{6C4E47FE-37AC-400D-9294-CEB18E0B1272}.Debug|Win32.ActiveCfg = Debug|Win32
		{6C4E47FE-37AC-400D-9294-CEB18E0B1272}.Debug|Win32.Build.0 = Debug|Win32
		{6C4E47FE-37AC-400D-9294-CEB18E0B1272}.Release|Win32.ActiveCfg = Release|Win32
		{6C4E47FE-37AC-400D-9294-CEB18E0B1272}.Release|Win32.Build.0 = Release|Win32
		{C5450928-0506-4182-9C2D-E6C2C7B8A320}.Debug|Win32.ActiveCfg = Debug|Win32
		{C5450928-0506-4182-9C2D-E6C2C7B8A320}.Debug|Win32.Build.0 = Debug|Win32
		{C5450928-0506-4182-9C2D-E6C2C7B8A320}.Release|Win32.ActiveCfg = Release|Win32
		{C5450928-0506-4182-9C2D-E6C2C7B8A320}.Release|Win32.Build.0 = Release|Win32
		{C22C305C-26A6-41F7-BA00-24A10AFCFFFE}.Debug|Win32.ActiveCfg = Debug|Win32
		{C22C305C-26A6-41F7-BA00-24A10AFCFFFE}.Debug|Win32.Build.0 = Debug|Win32
		{C22C305C-26A6-41F7-BA00-24A10AFCFFFE}.Release|Win32.ActiveCfg = Release|Win32
		{C22C305C-26A6-41F7-BA00-24A10AFCFFFE}.Release|Win32.Build.0 = Release|Win32
		{277F7598-9312-46DA-AB12-0F0FB25153A5}.Debug|Win32.ActiveCfg = Debug|Win32
		{277F7598-9312-46DA-AB12-0F0FB25153A5}.Debug|Win32.Build.0 = Debug|Win32
		{277F7598-9312-46DA-AB12-0F0FB25153A5}.Release|Win32.ActiveCfg = Release|Win32
		{277F7598-9312-46DA-AB12-0F0FB25153A5}.Release|Win32.Build.0 = Release|Win32
		{AC070CAD-D697-4454-8FB2-AD45AAAB8E96}.Debug|Win32.ActiveCfg = Debug|Win32
		{AC070CAD-D697-4454-8FB2-AD45AAAB8E96}.Debug|Win32.Build.0 = Debug|Win32
		{AC070CAD-D697-4454-8FB2-AD45AAAB8E96}.Release|Win32.ActiveCfg = Release|Win32
		{AC070CAD-D697-4454-8FB2-AD45AAAB8E96}.Release|Win32.Build.0 = Release|Win32
		{22517359-0051-48EA-9723-7A4528D8ACEA}.Debug|Win32.ActiveCfg = Debug|Win32
		{22517359-0051-48EA-9723-7A4528D8ACEA}.Debug|Win32.Build.0 = Debug|Win32
		{22517359-0051-48EA-9723-7A4528D8ACEA}.Release|Win32.ActiveCfg = Release|Win32
		{22517359-0051-48EA-9723-7A4528D8ACEA}.Release|Win32.Build.0 = Release|Win32
		{F839727D-B8EC-4A21-9B7E-BF6C522E8393}.Debug|Win32.ActiveCfg = Debug|Win32
		{F839727D-B8EC-4A21-9B7E-BF6C522E8393}.Debug|Win32.Build.0 = Debug|Win32
		{F839727D-B8EC-4A21-9B7E-BF6C522E8393}.Release|Win32.ActiveCfg = Release|Win32
		{F839727D-B8EC-4A21-9B7E-BF6C522E8393}.Release|Win32.Build.0 = Release|Win32
	EndGlobalSection
	GlobalSection(SolutionProperties) = preSolution
		HideSolutionNode = FALSE
	EndGlobalSection
	GlobalSection(NestedProjects) = preSolution
		{DEBF68AD-211D-484D-B7D1-BA6DA104382D} = {6BA019DB-BDD3-438A-B417-E171BA253AC9}
		{85D33F90-3070-4DF5-9F68-642162E101D5} = {6BA019DB-BDD3-438A-B417-E171BA253AC9}
		{649D1913-E747-4A71-918D-67DE2185BAC3} = {6BA019DB-BDD3-438A-B417-E171BA253AC9}
		{C22C305C-26A6-41F7-BA00-24A10AFCFFFE} = {542B7682-AA4E-44F1-812B-FCF2BCCA80DA}
		{277F7598-9312-46DA-AB12-0F0FB25153A5} = {542B7682-AA4E-44F1-812B-FCF2BCCA80DA}
		{AC070CAD-D697-4454-8FB2-AD45AAAB8E96} = {542B7682-AA4E-44F1-812B-FCF2BCCA80DA}
		{22517359-0051-48EA-9723-7A4528D8ACEA} = {542B7682-AA4E-44F1-812B-FCF2BCCA80DA}
		{F839727D-B8EC-4A21-9B7E-BF6C522E8393} = {542B7682-AA4E-44F1-812B-FCF2BCCA80DA}
	EndGlobalSection
EndGlobal
